// !$*UTF8*$!
{
	archiveVersion = 1;
	classes = {
	};
	objectVersion = 42;
	objects = {

/* Begin PBXBuildFile section */
		002F39FA09D0881F00EBEB88 /* SDL.framework in Frameworks */ = {isa = PBXBuildFile; fileRef = 002F39F909D0881F00EBEB88 /* SDL.framework */; };
		002F3A0009D0884600EBEB88 /* SDL.framework in Copy Frameworks into .app bundle */ = {isa = PBXBuildFile; fileRef = 002F39F909D0881F00EBEB88 /* SDL.framework */; };
		002F3C0109D093BD00EBEB88 /* OpenGL.framework in Frameworks */ = {isa = PBXBuildFile; fileRef = 002F3C0009D093BD00EBEB88 /* OpenGL.framework */; };
		002F3C6109D0951E00EBEB88 /* GLUT.framework in Frameworks */ = {isa = PBXBuildFile; fileRef = 002F3C6009D0951E00EBEB88 /* GLUT.framework */; };
		62D791AE12077B9900DED8D3 /* handleEvents.cpp in Sources */ = {isa = PBXBuildFile; fileRef = 62D791A612077B9900DED8D3 /* handleEvents.cpp */; };
		62D791AF12077B9900DED8D3 /* handleScreen.cpp in Sources */ = {isa = PBXBuildFile; fileRef = 62D791A712077B9900DED8D3 /* handleScreen.cpp */; };
		62D791B012077B9900DED8D3 /* main.cpp in Sources */ = {isa = PBXBuildFile; fileRef = 62D791A912077B9900DED8D3 /* main.cpp */; };
		62D791B112077B9900DED8D3 /* SDLMain.m in Sources */ = {isa = PBXBuildFile; fileRef = 62D791AB12077B9900DED8D3 /* SDLMain.m */; };
		62D791C212077BC800DED8D3 /* InfoPlist.strings in Resources */ = {isa = PBXBuildFile; fileRef = 62D791C012077BC800DED8D3 /* InfoPlist.strings */; };
		62D7929E1208CBA000DED8D3 /* fsRendererGL.cpp in Sources */ = {isa = PBXBuildFile; fileRef = 62D7929D1208CBA000DED8D3 /* fsRendererGL.cpp */; };
		62D792A91208D1D400DED8D3 /* glContext.cpp in Sources */ = {isa = PBXBuildFile; fileRef = 62D792A71208D1D400DED8D3 /* glContext.cpp */; };
		62D792C31208E64A00DED8D3 /* scriptInterpreter.cpp in Sources */ = {isa = PBXBuildFile; fileRef = 62D792C21208E64A00DED8D3 /* scriptInterpreter.cpp */; };
		62D792FD1208E83600DED8D3 /* Python.framework in Frameworks */ = {isa = PBXBuildFile; fileRef = 62D792FC1208E83600DED8D3 /* Python.framework */; };
		62D793361208EA7600DED8D3 /* gameController.cpp in Sources */ = {isa = PBXBuildFile; fileRef = 62D793351208EA7600DED8D3 /* gameController.cpp */; };
		62D793471208EAFA00DED8D3 /* fsPoint2f.cpp in Sources */ = {isa = PBXBuildFile; fileRef = 62D793441208EAFA00DED8D3 /* fsPoint2f.cpp */; };
		62D793481208EAFA00DED8D3 /* fsPoint2i.cpp in Sources */ = {isa = PBXBuildFile; fileRef = 62D793461208EAFA00DED8D3 /* fsPoint2i.cpp */; };
		62D7935A1208EBB100DED8D3 /* gameEntity.cpp in Sources */ = {isa = PBXBuildFile; fileRef = 62D793561208EBB100DED8D3 /* gameEntity.cpp */; };
		62D7935B1208EBB100DED8D3 /* gameObject.cpp in Sources */ = {isa = PBXBuildFile; fileRef = 62D793571208EBB100DED8D3 /* gameObject.cpp */; };
		62D795891208F49C00DED8D3 /* quadTree.cpp in Sources */ = {isa = PBXBuildFile; fileRef = 62D795881208F49C00DED8D3 /* quadTree.cpp */; };
		8D11072F0486CEB800E47090 /* Cocoa.framework in Frameworks */ = {isa = PBXBuildFile; fileRef = 1058C7A1FEA54F0111CA2CBB /* Cocoa.framework */; };
/* End PBXBuildFile section */

/* Begin PBXCopyFilesBuildPhase section */
		002F39FD09D0883400EBEB88 /* Copy Frameworks into .app bundle */ = {
			isa = PBXCopyFilesBuildPhase;
			buildActionMask = 2147483647;
			dstPath = "";
			dstSubfolderSpec = 10;
			files = (
				002F3A0009D0884600EBEB88 /* SDL.framework in Copy Frameworks into .app bundle */,
			);
			name = "Copy Frameworks into .app bundle";
			runOnlyForDeploymentPostprocessing = 0;
		};
/* End PBXCopyFilesBuildPhase section */

/* Begin PBXFileReference section */
		002F39F909D0881F00EBEB88 /* SDL.framework */ = {isa = PBXFileReference; lastKnownFileType = wrapper.framework; name = SDL.framework; path = /Library/Frameworks/SDL.framework; sourceTree = "<absolute>"; };
		002F3C0009D093BD00EBEB88 /* OpenGL.framework */ = {isa = PBXFileReference; lastKnownFileType = wrapper.framework; name = OpenGL.framework; path = /System/Library/Frameworks/OpenGL.framework; sourceTree = "<absolute>"; };
		002F3C6009D0951E00EBEB88 /* GLUT.framework */ = {isa = PBXFileReference; lastKnownFileType = wrapper.framework; name = GLUT.framework; path = ../../../../../../../../../../System/Library/Frameworks/GLUT.framework; sourceTree = SOURCE_ROOT; };
		1058C7A1FEA54F0111CA2CBB /* Cocoa.framework */ = {isa = PBXFileReference; lastKnownFileType = wrapper.framework; name = Cocoa.framework; path = /System/Library/Frameworks/Cocoa.framework; sourceTree = "<absolute>"; };
		29B97324FDCFA39411CA2CEA /* AppKit.framework */ = {isa = PBXFileReference; lastKnownFileType = wrapper.framework; name = AppKit.framework; path = /System/Library/Frameworks/AppKit.framework; sourceTree = "<absolute>"; };
		29B97325FDCFA39411CA2CEA /* Foundation.framework */ = {isa = PBXFileReference; lastKnownFileType = wrapper.framework; name = Foundation.framework; path = /System/Library/Frameworks/Foundation.framework; sourceTree = "<absolute>"; };
		62D791A512077B9900DED8D3 /* general.h */ = {isa = PBXFileReference; fileEncoding = 4; lastKnownFileType = sourcecode.c.h; name = general.h; path = src/general.h; sourceTree = "<group>"; };
		62D791A612077B9900DED8D3 /* handleEvents.cpp */ = {isa = PBXFileReference; fileEncoding = 4; lastKnownFileType = sourcecode.cpp.cpp; name = handleEvents.cpp; path = src/handleEvents.cpp; sourceTree = "<group>"; };
		62D791A712077B9900DED8D3 /* handleScreen.cpp */ = {isa = PBXFileReference; fileEncoding = 4; lastKnownFileType = sourcecode.cpp.cpp; name = handleScreen.cpp; path = src/handleScreen.cpp; sourceTree = "<group>"; };
		62D791A812077B9900DED8D3 /* handleScreen.h */ = {isa = PBXFileReference; fileEncoding = 4; lastKnownFileType = sourcecode.c.h; name = handleScreen.h; path = src/handleScreen.h; sourceTree = "<group>"; };
		62D791A912077B9900DED8D3 /* main.cpp */ = {isa = PBXFileReference; fileEncoding = 4; lastKnownFileType = sourcecode.cpp.cpp; name = main.cpp; path = src/main.cpp; sourceTree = "<group>"; };
		62D791AA12077B9900DED8D3 /* SDLMain.h */ = {isa = PBXFileReference; fileEncoding = 4; lastKnownFileType = sourcecode.c.h; name = SDLMain.h; path = src/SDLMain.h; sourceTree = "<group>"; };
		62D791AB12077B9900DED8D3 /* SDLMain.m */ = {isa = PBXFileReference; fileEncoding = 4; lastKnownFileType = sourcecode.c.objc; name = SDLMain.m; path = src/SDLMain.m; sourceTree = "<group>"; };
		62D791AC12077B9900DED8D3 /* handleEvents.h */ = {isa = PBXFileReference; fileEncoding = 4; lastKnownFileType = sourcecode.c.h; name = handleEvents.h; path = src/handleEvents.h; sourceTree = "<group>"; };
		62D791C112077BC800DED8D3 /* English */ = {isa = PBXFileReference; fileEncoding = 4; lastKnownFileType = text.plist.strings; name = English; path = InfoPlist.strings; sourceTree = "<group>"; };
		62D791D412077C0C00DED8D3 /* Info.plist */ = {isa = PBXFileReference; fileEncoding = 4; lastKnownFileType = text.plist.xml; path = Info.plist; sourceTree = "<group>"; };
		62D7929C1208CBA000DED8D3 /* fsRendererGL.h */ = {isa = PBXFileReference; fileEncoding = 4; lastKnownFileType = sourcecode.c.h; name = fsRendererGL.h; path = src/fsRendererGL.h; sourceTree = "<group>"; };
		62D7929D1208CBA000DED8D3 /* fsRendererGL.cpp */ = {isa = PBXFileReference; fileEncoding = 4; lastKnownFileType = sourcecode.cpp.cpp; name = fsRendererGL.cpp; path = src/fsRendererGL.cpp; sourceTree = "<group>"; };
		62D792A71208D1D400DED8D3 /* glContext.cpp */ = {isa = PBXFileReference; fileEncoding = 4; lastKnownFileType = sourcecode.cpp.cpp; name = glContext.cpp; path = src/glContext.cpp; sourceTree = "<group>"; };
		62D792A81208D1D400DED8D3 /* glContext.h */ = {isa = PBXFileReference; fileEncoding = 4; lastKnownFileType = sourcecode.c.h; name = glContext.h; path = src/glContext.h; sourceTree = "<group>"; };
		62D792C11208E64A00DED8D3 /* scriptInterpreter.h */ = {isa = PBXFileReference; fileEncoding = 4; lastKnownFileType = sourcecode.c.h; name = scriptInterpreter.h; path = src/scriptInterpreter.h; sourceTree = "<group>"; };
		62D792C21208E64A00DED8D3 /* scriptInterpreter.cpp */ = {isa = PBXFileReference; fileEncoding = 4; lastKnownFileType = sourcecode.cpp.cpp; name = scriptInterpreter.cpp; path = src/scriptInterpreter.cpp; sourceTree = "<group>"; };
		62D792FC1208E83600DED8D3 /* Python.framework */ = {isa = PBXFileReference; lastKnownFileType = wrapper.framework; name = Python.framework; path = /System/Library/Frameworks/Python.framework; sourceTree = "<absolute>"; };
		62D793341208EA7600DED8D3 /* gameController.h */ = {isa = PBXFileReference; fileEncoding = 4; lastKnownFileType = sourcecode.c.h; name = gameController.h; path = src/gameController.h; sourceTree = "<group>"; };
		62D793351208EA7600DED8D3 /* gameController.cpp */ = {isa = PBXFileReference; fileEncoding = 4; lastKnownFileType = sourcecode.cpp.cpp; name = gameController.cpp; path = src/gameController.cpp; sourceTree = "<group>"; };
		62D793431208EAFA00DED8D3 /* fsPoint2i.h */ = {isa = PBXFileReference; fileEncoding = 4; lastKnownFileType = sourcecode.c.h; name = fsPoint2i.h; path = src/fsPoint2i.h; sourceTree = "<group>"; };
		62D793441208EAFA00DED8D3 /* fsPoint2f.cpp */ = {isa = PBXFileReference; fileEncoding = 4; lastKnownFileType = sourcecode.cpp.cpp; name = fsPoint2f.cpp; path = src/fsPoint2f.cpp; sourceTree = "<group>"; };
		62D793451208EAFA00DED8D3 /* fsPoint2f.h */ = {isa = PBXFileReference; fileEncoding = 4; lastKnownFileType = sourcecode.c.h; name = fsPoint2f.h; path = src/fsPoint2f.h; sourceTree = "<group>"; };
		62D793461208EAFA00DED8D3 /* fsPoint2i.cpp */ = {isa = PBXFileReference; fileEncoding = 4; lastKnownFileType = sourcecode.cpp.cpp; name = fsPoint2i.cpp; path = src/fsPoint2i.cpp; sourceTree = "<group>"; };
		62D793561208EBB100DED8D3 /* gameEntity.cpp */ = {isa = PBXFileReference; fileEncoding = 4; lastKnownFileType = sourcecode.cpp.cpp; name = gameEntity.cpp; path = src/gameEntity.cpp; sourceTree = "<group>"; };
		62D793571208EBB100DED8D3 /* gameObject.cpp */ = {isa = PBXFileReference; fileEncoding = 4; lastKnownFileType = sourcecode.cpp.cpp; name = gameObject.cpp; path = src/gameObject.cpp; sourceTree = "<group>"; };
		62D793581208EBB100DED8D3 /* gameObject.h */ = {isa = PBXFileReference; fileEncoding = 4; lastKnownFileType = sourcecode.c.h; name = gameObject.h; path = src/gameObject.h; sourceTree = "<group>"; };
		62D793591208EBB100DED8D3 /* gameEntity.h */ = {isa = PBXFileReference; fileEncoding = 4; lastKnownFileType = sourcecode.c.h; name = gameEntity.h; path = src/gameEntity.h; sourceTree = "<group>"; };
		62D795871208F49C00DED8D3 /* quadTree.h */ = {isa = PBXFileReference; fileEncoding = 4; lastKnownFileType = sourcecode.c.h; path = quadTree.h; sourceTree = "<group>"; };
		62D795881208F49C00DED8D3 /* quadTree.cpp */ = {isa = PBXFileReference; fileEncoding = 4; lastKnownFileType = sourcecode.cpp.cpp; path = quadTree.cpp; sourceTree = "<group>"; };
		8D1107320486CEB800E47090 /* sank-into.app */ = {isa = PBXFileReference; explicitFileType = wrapper.application; includeInIndex = 0; path = "sank-into.app"; sourceTree = BUILT_PRODUCTS_DIR; };
/* End PBXFileReference section */

/* Begin PBXFrameworksBuildPhase section */
		8D11072E0486CEB800E47090 /* Frameworks */ = {
			isa = PBXFrameworksBuildPhase;
			buildActionMask = 2147483647;
			files = (
				002F39FA09D0881F00EBEB88 /* SDL.framework in Frameworks */,
				002F3C6109D0951E00EBEB88 /* GLUT.framework in Frameworks */,
				8D11072F0486CEB800E47090 /* Cocoa.framework in Frameworks */,
				002F3C0109D093BD00EBEB88 /* OpenGL.framework in Frameworks */,
				62D792FD1208E83600DED8D3 /* Python.framework in Frameworks */,
			);
			runOnlyForDeploymentPostprocessing = 0;
		};
/* End PBXFrameworksBuildPhase section */

/* Begin PBXGroup section */
		1058C7A0FEA54F0111CA2CBB /* Linked Frameworks */ = {
			isa = PBXGroup;
			children = (
				002F39F909D0881F00EBEB88 /* SDL.framework */,
				002F3C6009D0951E00EBEB88 /* GLUT.framework */,
				1058C7A1FEA54F0111CA2CBB /* Cocoa.framework */,
				002F3C0009D093BD00EBEB88 /* OpenGL.framework */,
			);
			name = "Linked Frameworks";
			sourceTree = "<group>";
		};
		1058C7A2FEA54F0111CA2CBB /* Other Frameworks */ = {
			isa = PBXGroup;
			children = (
				29B97324FDCFA39411CA2CEA /* AppKit.framework */,
				29B97325FDCFA39411CA2CEA /* Foundation.framework */,
			);
			name = "Other Frameworks";
			sourceTree = "<group>";
		};
		19C28FACFE9D520D11CA2CBB /* Products */ = {
			isa = PBXGroup;
			children = (
				8D1107320486CEB800E47090 /* sank-into.app */,
			);
			name = Products;
			sourceTree = "<group>";
		};
		29B97314FDCFA39411CA2CEA /* sank-into */ = {
			isa = PBXGroup;
			children = (
				62D792FC1208E83600DED8D3 /* Python.framework */,
				29B97315FDCFA39411CA2CEA /* Other Sources */,
				29B97317FDCFA39411CA2CEA /* Resources */,
				29B97323FDCFA39411CA2CEA /* Frameworks */,
				19C28FACFE9D520D11CA2CBB /* Products */,
			);
			name = "sank-into";
			sourceTree = "<group>";
		};
		29B97315FDCFA39411CA2CEA /* Other Sources */ = {
			isa = PBXGroup;
			children = (
				62D793431208EAFA00DED8D3 /* fsPoint2i.h */,
				62D793441208EAFA00DED8D3 /* fsPoint2f.cpp */,
				62D793451208EAFA00DED8D3 /* fsPoint2f.h */,
				62D793461208EAFA00DED8D3 /* fsPoint2i.cpp */,
				62D793591208EBB100DED8D3 /* gameEntity.h */,
				62D793561208EBB100DED8D3 /* gameEntity.cpp */,
				62D793571208EBB100DED8D3 /* gameObject.cpp */,
				62D793581208EBB100DED8D3 /* gameObject.h */,
				62D793341208EA7600DED8D3 /* gameController.h */,
				62D793351208EA7600DED8D3 /* gameController.cpp */,
				62D792A71208D1D400DED8D3 /* glContext.cpp */,
				62D792A81208D1D400DED8D3 /* glContext.h */,
				62D792C11208E64A00DED8D3 /* scriptInterpreter.h */,
				62D792C21208E64A00DED8D3 /* scriptInterpreter.cpp */,
				62D7929C1208CBA000DED8D3 /* fsRendererGL.h */,
				62D7929D1208CBA000DED8D3 /* fsRendererGL.cpp */,
				62D791A512077B9900DED8D3 /* general.h */,
				62D791AC12077B9900DED8D3 /* handleEvents.h */,
				62D791A612077B9900DED8D3 /* handleEvents.cpp */,
				62D791A712077B9900DED8D3 /* handleScreen.cpp */,
				62D791A812077B9900DED8D3 /* handleScreen.h */,
				62D791A912077B9900DED8D3 /* main.cpp */,
				62D791AA12077B9900DED8D3 /* SDLMain.h */,
				62D791AB12077B9900DED8D3 /* SDLMain.m */,
				62D795871208F49C00DED8D3 /* quadTree.h */,
				62D795881208F49C00DED8D3 /* quadTree.cpp */,
			);
			name = "Other Sources";
			sourceTree = "<group>";
		};
		29B97317FDCFA39411CA2CEA /* Resources */ = {
			isa = PBXGroup;
			children = (
				62D791D412077C0C00DED8D3 /* Info.plist */,
				62D791BF12077BC800DED8D3 /* English.lproj */,
			);
			name = Resources;
			sourceTree = "<group>";
		};
		29B97323FDCFA39411CA2CEA /* Frameworks */ = {
			isa = PBXGroup;
			children = (
				1058C7A0FEA54F0111CA2CBB /* Linked Frameworks */,
				1058C7A2FEA54F0111CA2CBB /* Other Frameworks */,
			);
			name = Frameworks;
			sourceTree = "<group>";
		};
		62D791BF12077BC800DED8D3 /* English.lproj */ = {
			isa = PBXGroup;
			children = (
				62D791C012077BC800DED8D3 /* InfoPlist.strings */,
			);
			name = English.lproj;
			path = resource/English.lproj;
			sourceTree = "<group>";
		};
/* End PBXGroup section */

/* Begin PBXNativeTarget section */
		8D1107260486CEB800E47090 /* sank-into */ = {
			isa = PBXNativeTarget;
			buildConfigurationList = C01FCF4A08A954540054247B /* Build configuration list for PBXNativeTarget "sank-into" */;
			buildPhases = (
				8D1107290486CEB800E47090 /* Resources */,
				8D11072C0486CEB800E47090 /* Sources */,
				8D11072E0486CEB800E47090 /* Frameworks */,
				002F39FD09D0883400EBEB88 /* Copy Frameworks into .app bundle */,
			);
			buildRules = (
			);
			dependencies = (
			);
			name = "sank-into";
			productInstallPath = "$(HOME)/Applications";
			productName = "sank-into";
			productReference = 8D1107320486CEB800E47090 /* sank-into.app */;
			productType = "com.apple.product-type.application";
		};
/* End PBXNativeTarget section */

/* Begin PBXProject section */
		29B97313FDCFA39411CA2CEA /* Project object */ = {
			isa = PBXProject;
			buildConfigurationList = C01FCF4E08A954540054247B /* Build configuration list for PBXProject "sank-into" */;
			compatibilityVersion = "Xcode 2.4";
			hasScannedForEncodings = 1;
			mainGroup = 29B97314FDCFA39411CA2CEA /* sank-into */;
			projectDirPath = "";
			projectRoot = "";
			targets = (
				8D1107260486CEB800E47090 /* sank-into */,
			);
		};
/* End PBXProject section */

/* Begin PBXResourcesBuildPhase section */
		8D1107290486CEB800E47090 /* Resources */ = {
			isa = PBXResourcesBuildPhase;
			buildActionMask = 2147483647;
			files = (
				62D791C212077BC800DED8D3 /* InfoPlist.strings in Resources */,
			);
			runOnlyForDeploymentPostprocessing = 0;
		};
/* End PBXResourcesBuildPhase section */

/* Begin PBXSourcesBuildPhase section */
		8D11072C0486CEB800E47090 /* Sources */ = {
			isa = PBXSourcesBuildPhase;
			buildActionMask = 2147483647;
			files = (
				62D791AE12077B9900DED8D3 /* handleEvents.cpp in Sources */,
				62D791AF12077B9900DED8D3 /* handleScreen.cpp in Sources */,
				62D791B012077B9900DED8D3 /* main.cpp in Sources */,
				62D791B112077B9900DED8D3 /* SDLMain.m in Sources */,
				62D7929E1208CBA000DED8D3 /* fsRendererGL.cpp in Sources */,
				62D792A91208D1D400DED8D3 /* glContext.cpp in Sources */,
				62D792C31208E64A00DED8D3 /* scriptInterpreter.cpp in Sources */,
				62D793361208EA7600DED8D3 /* gameController.cpp in Sources */,
				62D793471208EAFA00DED8D3 /* fsPoint2f.cpp in Sources */,
				62D793481208EAFA00DED8D3 /* fsPoint2i.cpp in Sources */,
				62D7935A1208EBB100DED8D3 /* gameEntity.cpp in Sources */,
				62D7935B1208EBB100DED8D3 /* gameObject.cpp in Sources */,
				62D795891208F49C00DED8D3 /* quadTree.cpp in Sources */,
			);
			runOnlyForDeploymentPostprocessing = 0;
		};
/* End PBXSourcesBuildPhase section */

/* Begin PBXVariantGroup section */
		62D791C012077BC800DED8D3 /* InfoPlist.strings */ = {
			isa = PBXVariantGroup;
			children = (
				62D791C112077BC800DED8D3 /* English */,
			);
			name = InfoPlist.strings;
			sourceTree = "<group>";
		};
/* End PBXVariantGroup section */

/* Begin XCBuildConfiguration section */
		C01FCF4B08A954540054247B /* Debug */ = {
			isa = XCBuildConfiguration;
			buildSettings = {
				COPY_PHASE_STRIP = NO;
				GCC_DYNAMIC_NO_PIC = NO;
				GCC_ENABLE_FIX_AND_CONTINUE = YES;
				GCC_MODEL_TUNING = G5;
				GCC_OPTIMIZATION_LEVEL = 0;
				INFOPLIST_FILE = Info.plist;
				INSTALL_PATH = "$(HOME)/Applications";
				PRODUCT_NAME = "sank-into";
				WRAPPER_EXTENSION = app;
				ZERO_LINK = YES;
			};
			name = Debug;
		};
		C01FCF4C08A954540054247B /* Release */ = {
			isa = XCBuildConfiguration;
			buildSettings = {
				ARCHS = (
					ppc,
					i386,
				);
				GCC_GENERATE_DEBUGGING_SYMBOLS = NO;
				GCC_MODEL_TUNING = G5;
				INFOPLIST_FILE = Info.plist;
				INSTALL_PATH = "$(HOME)/Applications";
				PRODUCT_NAME = "sank-into";
				WRAPPER_EXTENSION = app;
			};
			name = Release;
		};
		C01FCF4F08A954540054247B /* Debug */ = {
			isa = XCBuildConfiguration;
			buildSettings = {
				FRAMEWORK_SEARCH_PATHS = (
					"$(HOME)/Library/Frameworks",
					/Library/Frameworks,
					"$(FRAMEWORK_SEARCH_PATHS)",
				);
				GCC_WARN_ABOUT_RETURN_TYPE = YES;
				GCC_WARN_UNUSED_VARIABLE = YES;
				HEADER_SEARCH_PATHS = (
					"$(HOME)/Library/Frameworks/SDL.framework/Headers",
					/Library/Frameworks/SDL.framework/Headers,
					"$(HEADER_SEARCH_PATHS)",
				);
				PREBINDING = NO;
				SDKROOT = /Developer/SDKs/MacOSX10.4u.sdk;
			};
			name = Debug;
		};
		C01FCF5008A954540054247B /* Release */ = {
			isa = XCBuildConfiguration;
			buildSettings = {
				FRAMEWORK_SEARCH_PATHS = (
					"$(HOME)/Library/Frameworks",
					/Library/Frameworks,
					"$(FRAMEWORK_SEARCH_PATHS)",
				);
				GCC_WARN_ABOUT_RETURN_TYPE = YES;
				GCC_WARN_UNUSED_VARIABLE = YES;
				HEADER_SEARCH_PATHS = (
					"$(HOME)/Library/Frameworks/SDL.framework/Headers",
					/Library/Frameworks/SDL.framework/Headers,
					"$(HEADER_SEARCH_PATHS)",
				);
				PREBINDING = NO;
				SDKROOT = /Developer/SDKs/MacOSX10.4u.sdk;
			};
			name = Release;
		};
/* End XCBuildConfiguration section */

/* Begin XCConfigurationList section */
		C01FCF4A08A954540054247B /* Build configuration list for PBXNativeTarget "sank-into" */ = {
			isa = XCConfigurationList;
			buildConfigurations = (
				C01FCF4B08A954540054247B /* Debug */,
				C01FCF4C08A954540054247B /* Release */,
			);
			defaultConfigurationIsVisible = 0;
			defaultConfigurationName = Release;
		};
		C01FCF4E08A954540054247B /* Build configuration list for PBXProject "sank-into" */ = {
			isa = XCConfigurationList;
			buildConfigurations = (
				C01FCF4F08A954540054247B /* Debug */,
				C01FCF5008A954540054247B /* Release */,
			);
			defaultConfigurationIsVisible = 0;
			defaultConfigurationName = Release;
		};
/* End XCConfigurationList section */
	};
	rootObject = 29B97313FDCFA39411CA2CEA /* Project object */;
}
