// !$*UTF8*$!
{
	archiveVersion = 1;
	classes = {
	};
	objectVersion = 42;
	objects = {

/* Begin PBXBuildFile section */
		002F39FA09D0881F00EBEB88 /* SDL.framework in Frameworks */ = {isa = PBXBuildFile; fileRef = 002F39F909D0881F00EBEB88 /* SDL.framework */; };
		002F3A0009D0884600EBEB88 /* SDL.framework in Copy Frameworks into .app bundle */ = {isa = PBXBuildFile; fileRef = 002F39F909D0881F00EBEB88 /* SDL.framework */; };
		002F3C0109D093BD00EBEB88 /* OpenGL.framework in Frameworks */ = {isa = PBXBuildFile; fileRef = 002F3C0009D093BD00EBEB88 /* OpenGL.framework */; };
		002F3C6109D0951E00EBEB88 /* GLUT.framework in Frameworks */ = {isa = PBXBuildFile; fileRef = 002F3C6009D0951E00EBEB88 /* GLUT.framework */; };
		221D48CC120FA87D002DDB9E /* fsColor.cpp in Sources */ = {isa = PBXBuildFile; fileRef = 221D48A9120FA87D002DDB9E /* fsColor.cpp */; };
		221D48CD120FA87D002DDB9E /* fsPoint2f.cpp in Sources */ = {isa = PBXBuildFile; fileRef = 221D48AB120FA87D002DDB9E /* fsPoint2f.cpp */; };
		221D48CE120FA87D002DDB9E /* fsPoint2i.cpp in Sources */ = {isa = PBXBuildFile; fileRef = 221D48AD120FA87D002DDB9E /* fsPoint2i.cpp */; };
		221D48CF120FA87D002DDB9E /* fsRendererGL.cpp in Sources */ = {isa = PBXBuildFile; fileRef = 221D48AF120FA87D002DDB9E /* fsRendererGL.cpp */; };
		221D48D0120FA87D002DDB9E /* fsScript.cpp in Sources */ = {isa = PBXBuildFile; fileRef = 221D48B1120FA87D002DDB9E /* fsScript.cpp */; };
		221D48D1120FA87D002DDB9E /* fsScriptLua.cpp in Sources */ = {isa = PBXBuildFile; fileRef = 221D48B3120FA87D002DDB9E /* fsScriptLua.cpp */; };
		221D48D2120FA87D002DDB9E /* fsScriptPy.cpp in Sources */ = {isa = PBXBuildFile; fileRef = 221D48B5120FA87D002DDB9E /* fsScriptPy.cpp */; };
		221D48D3120FA87D002DDB9E /* gameController.cpp in Sources */ = {isa = PBXBuildFile; fileRef = 221D48B7120FA87D002DDB9E /* gameController.cpp */; };
		221D48D4120FA87D002DDB9E /* gameEntity.cpp in Sources */ = {isa = PBXBuildFile; fileRef = 221D48B9120FA87D002DDB9E /* gameEntity.cpp */; };
		221D48D5120FA87D002DDB9E /* gameLevel.cpp in Sources */ = {isa = PBXBuildFile; fileRef = 221D48BB120FA87D002DDB9E /* gameLevel.cpp */; };
		221D48D6120FA87D002DDB9E /* gameObject.cpp in Sources */ = {isa = PBXBuildFile; fileRef = 221D48BD120FA87D002DDB9E /* gameObject.cpp */; };
		221D48D7120FA87D002DDB9E /* glContext.cpp in Sources */ = {isa = PBXBuildFile; fileRef = 221D48C0120FA87D002DDB9E /* glContext.cpp */; };
		221D48D8120FA87D002DDB9E /* handleEvents.cpp in Sources */ = {isa = PBXBuildFile; fileRef = 221D48C2120FA87D002DDB9E /* handleEvents.cpp */; };
		221D48D9120FA87D002DDB9E /* handleScreen.cpp in Sources */ = {isa = PBXBuildFile; fileRef = 221D48C4120FA87D002DDB9E /* handleScreen.cpp */; };
		221D48DA120FA87D002DDB9E /* main.cpp in Sources */ = {isa = PBXBuildFile; fileRef = 221D48C6120FA87D002DDB9E /* main.cpp */; };
		221D48DB120FA87D002DDB9E /* scriptInterpreter.cpp in Sources */ = {isa = PBXBuildFile; fileRef = 221D48C8120FA87D002DDB9E /* scriptInterpreter.cpp */; };
		221D48DC120FA87D002DDB9E /* SDLMain.m in Sources */ = {isa = PBXBuildFile; fileRef = 221D48CB120FA87D002DDB9E /* SDLMain.m */; };
		221D48F3120FAA28002DDB9E /* fsScriptIO.cpp in Sources */ = {isa = PBXBuildFile; fileRef = 221D48F2120FAA28002DDB9E /* fsScriptIO.cpp */; };
		22E0468B120CA42D00C18C23 /* scripts in CopyFiles */ = {isa = PBXBuildFile; fileRef = 62D79674120A202400DED8D3 /* scripts */; };
		22E046CE120CA89400C18C23 /* Lua.framework in Frameworks */ = {isa = PBXBuildFile; fileRef = 22E046CD120CA89400C18C23 /* Lua.framework */; };
		6246C80C1210ADC4002FEF43 /* Python.framework in Frameworks */ = {isa = PBXBuildFile; fileRef = 6246C80B1210ADC4002FEF43 /* Python.framework */; };
		62BE5ECB1211D2ED0007C25C /* libiovmall.a in Frameworks */ = {isa = PBXBuildFile; fileRef = 62BE5ECA1211D2EC0007C25C /* libiovmall.a */; };
		62D791C212077BC800DED8D3 /* InfoPlist.strings in Resources */ = {isa = PBXBuildFile; fileRef = 62D791C012077BC800DED8D3 /* InfoPlist.strings */; };
		62D79637120A164200DED8D3 /* SConstruct in Resources */ = {isa = PBXBuildFile; fileRef = 62D79636120A164200DED8D3 /* SConstruct */; };
		62D79676120A202400DED8D3 /* scripts in Resources */ = {isa = PBXBuildFile; fileRef = 62D79674120A202400DED8D3 /* scripts */; };
		8D11072F0486CEB800E47090 /* Cocoa.framework in Frameworks */ = {isa = PBXBuildFile; fileRef = 1058C7A1FEA54F0111CA2CBB /* Cocoa.framework */; };
/* End PBXBuildFile section */

/* Begin PBXCopyFilesBuildPhase section */
		002F39FD09D0883400EBEB88 /* Copy Frameworks into .app bundle */ = {
			isa = PBXCopyFilesBuildPhase;
			buildActionMask = 2147483647;
			dstPath = "";
			dstSubfolderSpec = 10;
			files = (
				002F3A0009D0884600EBEB88 /* SDL.framework in Copy Frameworks into .app bundle */,
			);
			name = "Copy Frameworks into .app bundle";
			runOnlyForDeploymentPostprocessing = 0;
		};
		22E04692120CA43100C18C23 /* CopyFiles */ = {
			isa = PBXCopyFilesBuildPhase;
			buildActionMask = 2147483647;
			dstPath = "";
			dstSubfolderSpec = 16;
			files = (
				22E0468B120CA42D00C18C23 /* scripts in CopyFiles */,
			);
			runOnlyForDeploymentPostprocessing = 0;
		};
		6246C53A12109B6F002FEF43 /* CopyFiles */ = {
			isa = PBXCopyFilesBuildPhase;
			buildActionMask = 2147483647;
			dstPath = "";
			dstSubfolderSpec = 7;
			files = (
			);
			runOnlyForDeploymentPostprocessing = 0;
		};
/* End PBXCopyFilesBuildPhase section */

/* Begin PBXFileReference section */
		002F39F909D0881F00EBEB88 /* SDL.framework */ = {isa = PBXFileReference; lastKnownFileType = wrapper.framework; name = SDL.framework; path = /Library/Frameworks/SDL.framework; sourceTree = "<absolute>"; };
		002F3C0009D093BD00EBEB88 /* OpenGL.framework */ = {isa = PBXFileReference; lastKnownFileType = wrapper.framework; name = OpenGL.framework; path = /System/Library/Frameworks/OpenGL.framework; sourceTree = "<absolute>"; };
		002F3C6009D0951E00EBEB88 /* GLUT.framework */ = {isa = PBXFileReference; lastKnownFileType = wrapper.framework; name = GLUT.framework; path = ../../../../../../../../../../System/Library/Frameworks/GLUT.framework; sourceTree = SOURCE_ROOT; };
		1058C7A1FEA54F0111CA2CBB /* Cocoa.framework */ = {isa = PBXFileReference; lastKnownFileType = wrapper.framework; name = Cocoa.framework; path = /System/Library/Frameworks/Cocoa.framework; sourceTree = "<absolute>"; };
		221D48A9120FA87D002DDB9E /* fsColor.cpp */ = {isa = PBXFileReference; fileEncoding = 4; lastKnownFileType = sourcecode.cpp.cpp; path = fsColor.cpp; sourceTree = "<group>"; };
		221D48AA120FA87D002DDB9E /* fsColor.h */ = {isa = PBXFileReference; fileEncoding = 4; lastKnownFileType = sourcecode.c.h; path = fsColor.h; sourceTree = "<group>"; };
		221D48AB120FA87D002DDB9E /* fsPoint2f.cpp */ = {isa = PBXFileReference; fileEncoding = 4; lastKnownFileType = sourcecode.cpp.cpp; path = fsPoint2f.cpp; sourceTree = "<group>"; };
		221D48AC120FA87D002DDB9E /* fsPoint2f.h */ = {isa = PBXFileReference; fileEncoding = 4; lastKnownFileType = sourcecode.c.h; path = fsPoint2f.h; sourceTree = "<group>"; };
		221D48AD120FA87D002DDB9E /* fsPoint2i.cpp */ = {isa = PBXFileReference; fileEncoding = 4; lastKnownFileType = sourcecode.cpp.cpp; path = fsPoint2i.cpp; sourceTree = "<group>"; };
		221D48AE120FA87D002DDB9E /* fsPoint2i.h */ = {isa = PBXFileReference; fileEncoding = 4; lastKnownFileType = sourcecode.c.h; path = fsPoint2i.h; sourceTree = "<group>"; };
		221D48AF120FA87D002DDB9E /* fsRendererGL.cpp */ = {isa = PBXFileReference; fileEncoding = 4; lastKnownFileType = sourcecode.cpp.cpp; path = fsRendererGL.cpp; sourceTree = "<group>"; };
		221D48B0120FA87D002DDB9E /* fsRendererGL.h */ = {isa = PBXFileReference; fileEncoding = 4; lastKnownFileType = sourcecode.c.h; path = fsRendererGL.h; sourceTree = "<group>"; };
		221D48B1120FA87D002DDB9E /* fsScript.cpp */ = {isa = PBXFileReference; fileEncoding = 4; lastKnownFileType = sourcecode.cpp.cpp; path = fsScript.cpp; sourceTree = "<group>"; };
		221D48B2120FA87D002DDB9E /* fsScript.h */ = {isa = PBXFileReference; fileEncoding = 4; lastKnownFileType = sourcecode.c.h; path = fsScript.h; sourceTree = "<group>"; };
		221D48B3120FA87D002DDB9E /* fsScriptLua.cpp */ = {isa = PBXFileReference; fileEncoding = 4; lastKnownFileType = sourcecode.cpp.cpp; path = fsScriptLua.cpp; sourceTree = "<group>"; };
		221D48B4120FA87D002DDB9E /* fsScriptLua.h */ = {isa = PBXFileReference; fileEncoding = 4; lastKnownFileType = sourcecode.c.h; path = fsScriptLua.h; sourceTree = "<group>"; };
		221D48B5120FA87D002DDB9E /* fsScriptPy.cpp */ = {isa = PBXFileReference; fileEncoding = 4; lastKnownFileType = sourcecode.cpp.cpp; path = fsScriptPy.cpp; sourceTree = "<group>"; };
		221D48B6120FA87D002DDB9E /* fsScriptPy.h */ = {isa = PBXFileReference; fileEncoding = 4; lastKnownFileType = sourcecode.c.h; path = fsScriptPy.h; sourceTree = "<group>"; };
		221D48B7120FA87D002DDB9E /* gameController.cpp */ = {isa = PBXFileReference; fileEncoding = 4; lastKnownFileType = sourcecode.cpp.cpp; path = gameController.cpp; sourceTree = "<group>"; };
		221D48B8120FA87D002DDB9E /* gameController.h */ = {isa = PBXFileReference; fileEncoding = 4; lastKnownFileType = sourcecode.c.h; path = gameController.h; sourceTree = "<group>"; };
		221D48B9120FA87D002DDB9E /* gameEntity.cpp */ = {isa = PBXFileReference; fileEncoding = 4; lastKnownFileType = sourcecode.cpp.cpp; path = gameEntity.cpp; sourceTree = "<group>"; };
		221D48BA120FA87D002DDB9E /* gameEntity.h */ = {isa = PBXFileReference; fileEncoding = 4; lastKnownFileType = sourcecode.c.h; path = gameEntity.h; sourceTree = "<group>"; };
		221D48BB120FA87D002DDB9E /* gameLevel.cpp */ = {isa = PBXFileReference; fileEncoding = 4; lastKnownFileType = sourcecode.cpp.cpp; path = gameLevel.cpp; sourceTree = "<group>"; };
		221D48BC120FA87D002DDB9E /* gameLevel.h */ = {isa = PBXFileReference; fileEncoding = 4; lastKnownFileType = sourcecode.c.h; path = gameLevel.h; sourceTree = "<group>"; };
		221D48BD120FA87D002DDB9E /* gameObject.cpp */ = {isa = PBXFileReference; fileEncoding = 4; lastKnownFileType = sourcecode.cpp.cpp; path = gameObject.cpp; sourceTree = "<group>"; };
		221D48BE120FA87D002DDB9E /* gameObject.h */ = {isa = PBXFileReference; fileEncoding = 4; lastKnownFileType = sourcecode.c.h; path = gameObject.h; sourceTree = "<group>"; };
		221D48BF120FA87D002DDB9E /* general.h */ = {isa = PBXFileReference; fileEncoding = 4; lastKnownFileType = sourcecode.c.h; path = general.h; sourceTree = "<group>"; };
		221D48C0120FA87D002DDB9E /* glContext.cpp */ = {isa = PBXFileReference; fileEncoding = 4; lastKnownFileType = sourcecode.cpp.cpp; path = glContext.cpp; sourceTree = "<group>"; };
		221D48C1120FA87D002DDB9E /* glContext.h */ = {isa = PBXFileReference; fileEncoding = 4; lastKnownFileType = sourcecode.c.h; path = glContext.h; sourceTree = "<group>"; };
		221D48C2120FA87D002DDB9E /* handleEvents.cpp */ = {isa = PBXFileReference; fileEncoding = 4; lastKnownFileType = sourcecode.cpp.cpp; path = handleEvents.cpp; sourceTree = "<group>"; };
		221D48C3120FA87D002DDB9E /* handleEvents.h */ = {isa = PBXFileReference; fileEncoding = 4; lastKnownFileType = sourcecode.c.h; path = handleEvents.h; sourceTree = "<group>"; };
		221D48C4120FA87D002DDB9E /* handleScreen.cpp */ = {isa = PBXFileReference; fileEncoding = 4; lastKnownFileType = sourcecode.cpp.cpp; path = handleScreen.cpp; sourceTree = "<group>"; };
		221D48C5120FA87D002DDB9E /* handleScreen.h */ = {isa = PBXFileReference; fileEncoding = 4; lastKnownFileType = sourcecode.c.h; path = handleScreen.h; sourceTree = "<group>"; };
		221D48C6120FA87D002DDB9E /* main.cpp */ = {isa = PBXFileReference; fileEncoding = 4; lastKnownFileType = sourcecode.cpp.cpp; path = main.cpp; sourceTree = "<group>"; };
		221D48C7120FA87D002DDB9E /* quadtree.h */ = {isa = PBXFileReference; fileEncoding = 4; lastKnownFileType = sourcecode.c.h; path = quadtree.h; sourceTree = "<group>"; };
		221D48C8120FA87D002DDB9E /* scriptInterpreter.cpp */ = {isa = PBXFileReference; fileEncoding = 4; lastKnownFileType = sourcecode.cpp.cpp; path = scriptInterpreter.cpp; sourceTree = "<group>"; };
		221D48C9120FA87D002DDB9E /* scriptInterpreter.h */ = {isa = PBXFileReference; fileEncoding = 4; lastKnownFileType = sourcecode.c.h; path = scriptInterpreter.h; sourceTree = "<group>"; };
		221D48CA120FA87D002DDB9E /* SDLMain.h */ = {isa = PBXFileReference; fileEncoding = 4; lastKnownFileType = sourcecode.c.h; path = SDLMain.h; sourceTree = "<group>"; };
		221D48CB120FA87D002DDB9E /* SDLMain.m */ = {isa = PBXFileReference; fileEncoding = 4; lastKnownFileType = sourcecode.c.objc; path = SDLMain.m; sourceTree = "<group>"; };
		221D48F1120FAA28002DDB9E /* fsScriptIO.h */ = {isa = PBXFileReference; fileEncoding = 4; lastKnownFileType = sourcecode.c.h; path = fsScriptIO.h; sourceTree = "<group>"; };
		221D48F2120FAA28002DDB9E /* fsScriptIO.cpp */ = {isa = PBXFileReference; fileEncoding = 4; lastKnownFileType = sourcecode.cpp.cpp; path = fsScriptIO.cpp; sourceTree = "<group>"; };
		22E046CD120CA89400C18C23 /* Lua.framework */ = {isa = PBXFileReference; lastKnownFileType = wrapper.framework; name = Lua.framework; path = /Library/Frameworks/Lua.framework; sourceTree = "<absolute>"; };
		29B97324FDCFA39411CA2CEA /* AppKit.framework */ = {isa = PBXFileReference; lastKnownFileType = wrapper.framework; name = AppKit.framework; path = /System/Library/Frameworks/AppKit.framework; sourceTree = "<absolute>"; };
		29B97325FDCFA39411CA2CEA /* Foundation.framework */ = {isa = PBXFileReference; lastKnownFileType = wrapper.framework; name = Foundation.framework; path = /System/Library/Frameworks/Foundation.framework; sourceTree = "<absolute>"; };
		6246C80B1210ADC4002FEF43 /* Python.framework */ = {isa = PBXFileReference; lastKnownFileType = wrapper.framework; name = Python.framework; path = /System/Library/Frameworks/Python.framework; sourceTree = "<absolute>"; };
		6246C8C41210B32C002FEF43 /* config.h */ = {isa = PBXFileReference; fileEncoding = 4; lastKnownFileType = sourcecode.c.h; path = config.h; sourceTree = "<group>"; };
		62BE5ECA1211D2EC0007C25C /* libiovmall.a */ = {isa = PBXFileReference; lastKnownFileType = archive.ar; name = libiovmall.a; path = /opt/local/lib/libiovmall.a; sourceTree = "<absolute>"; };
		62BE5ECE1211D2F70007C25C /* 386-ucontext.h */ = {isa = PBXFileReference; fileEncoding = 4; lastKnownFileType = sourcecode.c.h; name = "386-ucontext.h"; path = "/opt/local/include/io/386-ucontext.h"; sourceTree = "<absolute>"; };
		62BE5ECF1211D2F70007C25C /* amd64-ucontext.h */ = {isa = PBXFileReference; fileEncoding = 4; lastKnownFileType = sourcecode.c.h; name = "amd64-ucontext.h"; path = "/opt/local/include/io/amd64-ucontext.h"; sourceTree = "<absolute>"; };
		62BE5ED01211D2F70007C25C /* Base.h */ = {isa = PBXFileReference; fileEncoding = 4; lastKnownFileType = sourcecode.c.h; name = Base.h; path = /opt/local/include/io/Base.h; sourceTree = "<absolute>"; };
		62BE5ED11211D2F70007C25C /* BStream.h */ = {isa = PBXFileReference; fileEncoding = 4; lastKnownFileType = sourcecode.c.h; name = BStream.h; path = /opt/local/include/io/BStream.h; sourceTree = "<absolute>"; };
		62BE5ED21211D2F70007C25C /* BStreamTag.h */ = {isa = PBXFileReference; fileEncoding = 4; lastKnownFileType = sourcecode.c.h; name = BStreamTag.h; path = /opt/local/include/io/BStreamTag.h; sourceTree = "<absolute>"; };
		62BE5ED31211D2F70007C25C /* cdecode.h */ = {isa = PBXFileReference; fileEncoding = 4; lastKnownFileType = sourcecode.c.h; name = cdecode.h; path = /opt/local/include/io/cdecode.h; sourceTree = "<absolute>"; };
		62BE5ED41211D2F70007C25C /* cencode.h */ = {isa = PBXFileReference; fileEncoding = 4; lastKnownFileType = sourcecode.c.h; name = cencode.h; path = /opt/local/include/io/cencode.h; sourceTree = "<absolute>"; };
		62BE5ED51211D2F70007C25C /* CHash.h */ = {isa = PBXFileReference; fileEncoding = 4; lastKnownFileType = sourcecode.c.h; name = CHash.h; path = /opt/local/include/io/CHash.h; sourceTree = "<absolute>"; };
		62BE5ED61211D2F70007C25C /* CHash_inline.h */ = {isa = PBXFileReference; fileEncoding = 4; lastKnownFileType = sourcecode.c.h; name = CHash_inline.h; path = /opt/local/include/io/CHash_inline.h; sourceTree = "<absolute>"; };
		62BE5ED71211D2F70007C25C /* Collector.h */ = {isa = PBXFileReference; fileEncoding = 4; lastKnownFileType = sourcecode.c.h; name = Collector.h; path = /opt/local/include/io/Collector.h; sourceTree = "<absolute>"; };
		62BE5ED81211D2F70007C25C /* Collector_inline.h */ = {isa = PBXFileReference; fileEncoding = 4; lastKnownFileType = sourcecode.c.h; name = Collector_inline.h; path = /opt/local/include/io/Collector_inline.h; sourceTree = "<absolute>"; };
		62BE5ED91211D2F70007C25C /* CollectorMarker.h */ = {isa = PBXFileReference; fileEncoding = 4; lastKnownFileType = sourcecode.c.h; name = CollectorMarker.h; path = /opt/local/include/io/CollectorMarker.h; sourceTree = "<absolute>"; };
		62BE5EDA1211D2F70007C25C /* CollectorMarker_inline.h */ = {isa = PBXFileReference; fileEncoding = 4; lastKnownFileType = sourcecode.c.h; name = CollectorMarker_inline.h; path = /opt/local/include/io/CollectorMarker_inline.h; sourceTree = "<absolute>"; };
		62BE5EDB1211D2F70007C25C /* Common.h */ = {isa = PBXFileReference; fileEncoding = 4; lastKnownFileType = sourcecode.c.h; name = Common.h; path = /opt/local/include/io/Common.h; sourceTree = "<absolute>"; };
		62BE5EDC1211D2F70007C25C /* Common_inline.h */ = {isa = PBXFileReference; fileEncoding = 4; lastKnownFileType = sourcecode.c.h; name = Common_inline.h; path = /opt/local/include/io/Common_inline.h; sourceTree = "<absolute>"; };
		62BE5EDD1211D2F70007C25C /* Coro.h */ = {isa = PBXFileReference; fileEncoding = 4; lastKnownFileType = sourcecode.c.h; name = Coro.h; path = /opt/local/include/io/Coro.h; sourceTree = "<absolute>"; };
		62BE5EDE1211D2F70007C25C /* Date.h */ = {isa = PBXFileReference; fileEncoding = 4; lastKnownFileType = sourcecode.c.h; name = Date.h; path = /opt/local/include/io/Date.h; sourceTree = "<absolute>"; };
		62BE5EDF1211D2F70007C25C /* Duration.h */ = {isa = PBXFileReference; fileEncoding = 4; lastKnownFileType = sourcecode.c.h; name = Duration.h; path = /opt/local/include/io/Duration.h; sourceTree = "<absolute>"; };
		62BE5EE01211D2F70007C25C /* DynLib.h */ = {isa = PBXFileReference; fileEncoding = 4; lastKnownFileType = sourcecode.c.h; name = DynLib.h; path = /opt/local/include/io/DynLib.h; sourceTree = "<absolute>"; };
		62BE5EE11211D2F70007C25C /* Hash_fnv.h */ = {isa = PBXFileReference; fileEncoding = 4; lastKnownFileType = sourcecode.c.h; name = Hash_fnv.h; path = /opt/local/include/io/Hash_fnv.h; sourceTree = "<absolute>"; };
		62BE5EE21211D2F70007C25C /* Hash_murmur.h */ = {isa = PBXFileReference; fileEncoding = 4; lastKnownFileType = sourcecode.c.h; name = Hash_murmur.h; path = /opt/local/include/io/Hash_murmur.h; sourceTree = "<absolute>"; };
		62BE5EE31211D2F70007C25C /* Hash_superfast.h */ = {isa = PBXFileReference; fileEncoding = 4; lastKnownFileType = sourcecode.c.h; name = Hash_superfast.h; path = /opt/local/include/io/Hash_superfast.h; sourceTree = "<absolute>"; };
		62BE5EE41211D2F70007C25C /* IoBlock.h */ = {isa = PBXFileReference; fileEncoding = 4; lastKnownFileType = sourcecode.c.h; name = IoBlock.h; path = /opt/local/include/io/IoBlock.h; sourceTree = "<absolute>"; };
		62BE5EE51211D2F70007C25C /* IoCall.h */ = {isa = PBXFileReference; fileEncoding = 4; lastKnownFileType = sourcecode.c.h; name = IoCall.h; path = /opt/local/include/io/IoCall.h; sourceTree = "<absolute>"; };
		62BE5EE61211D2F70007C25C /* IoCFunction.h */ = {isa = PBXFileReference; fileEncoding = 4; lastKnownFileType = sourcecode.c.h; name = IoCFunction.h; path = /opt/local/include/io/IoCFunction.h; sourceTree = "<absolute>"; };
		62BE5EE71211D2F70007C25C /* IoCollector.h */ = {isa = PBXFileReference; fileEncoding = 4; lastKnownFileType = sourcecode.c.h; name = IoCollector.h; path = /opt/local/include/io/IoCollector.h; sourceTree = "<absolute>"; };
		62BE5EE81211D2F70007C25C /* IoCompiler.h */ = {isa = PBXFileReference; fileEncoding = 4; lastKnownFileType = sourcecode.c.h; name = IoCompiler.h; path = /opt/local/include/io/IoCompiler.h; sourceTree = "<absolute>"; };
		62BE5EE91211D2F70007C25C /* IoConfig.h */ = {isa = PBXFileReference; fileEncoding = 4; lastKnownFileType = sourcecode.c.h; name = IoConfig.h; path = /opt/local/include/io/IoConfig.h; sourceTree = "<absolute>"; };
		62BE5EEA1211D2F70007C25C /* IoContext.h */ = {isa = PBXFileReference; fileEncoding = 4; lastKnownFileType = sourcecode.c.h; name = IoContext.h; path = /opt/local/include/io/IoContext.h; sourceTree = "<absolute>"; };
		62BE5EEB1211D2F70007C25C /* IoCoroutine.h */ = {isa = PBXFileReference; fileEncoding = 4; lastKnownFileType = sourcecode.c.h; name = IoCoroutine.h; path = /opt/local/include/io/IoCoroutine.h; sourceTree = "<absolute>"; };
		62BE5EEC1211D2F70007C25C /* IoDate.h */ = {isa = PBXFileReference; fileEncoding = 4; lastKnownFileType = sourcecode.c.h; name = IoDate.h; path = /opt/local/include/io/IoDate.h; sourceTree = "<absolute>"; };
		62BE5EED1211D2F70007C25C /* IoDebugger.h */ = {isa = PBXFileReference; fileEncoding = 4; lastKnownFileType = sourcecode.c.h; name = IoDebugger.h; path = /opt/local/include/io/IoDebugger.h; sourceTree = "<absolute>"; };
		62BE5EEE1211D2F70007C25C /* IoDirectory.h */ = {isa = PBXFileReference; fileEncoding = 4; lastKnownFileType = sourcecode.c.h; name = IoDirectory.h; path = /opt/local/include/io/IoDirectory.h; sourceTree = "<absolute>"; };
		62BE5EEF1211D2F70007C25C /* IoDuration.h */ = {isa = PBXFileReference; fileEncoding = 4; lastKnownFileType = sourcecode.c.h; name = IoDuration.h; path = /opt/local/include/io/IoDuration.h; sourceTree = "<absolute>"; };
		62BE5EF01211D2F70007C25C /* IoDynLib.h */ = {isa = PBXFileReference; fileEncoding = 4; lastKnownFileType = sourcecode.c.h; name = IoDynLib.h; path = /opt/local/include/io/IoDynLib.h; sourceTree = "<absolute>"; };
		62BE5EF11211D2F70007C25C /* IoError.h */ = {isa = PBXFileReference; fileEncoding = 4; lastKnownFileType = sourcecode.c.h; name = IoError.h; path = /opt/local/include/io/IoError.h; sourceTree = "<absolute>"; };
		62BE5EF21211D2F70007C25C /* IoFile.h */ = {isa = PBXFileReference; fileEncoding = 4; lastKnownFileType = sourcecode.c.h; name = IoFile.h; path = /opt/local/include/io/IoFile.h; sourceTree = "<absolute>"; };
		62BE5EF31211D2F70007C25C /* IoFile_stat.h */ = {isa = PBXFileReference; fileEncoding = 4; lastKnownFileType = sourcecode.c.h; name = IoFile_stat.h; path = /opt/local/include/io/IoFile_stat.h; sourceTree = "<absolute>"; };
		62BE5EF41211D2F70007C25C /* IoLexer.h */ = {isa = PBXFileReference; fileEncoding = 4; lastKnownFileType = sourcecode.c.h; name = IoLexer.h; path = /opt/local/include/io/IoLexer.h; sourceTree = "<absolute>"; };
		62BE5EF51211D2F70007C25C /* IoList.h */ = {isa = PBXFileReference; fileEncoding = 4; lastKnownFileType = sourcecode.c.h; name = IoList.h; path = /opt/local/include/io/IoList.h; sourceTree = "<absolute>"; };
		62BE5EF61211D2F70007C25C /* IoMap.h */ = {isa = PBXFileReference; fileEncoding = 4; lastKnownFileType = sourcecode.c.h; name = IoMap.h; path = /opt/local/include/io/IoMap.h; sourceTree = "<absolute>"; };
		62BE5EF71211D2F70007C25C /* IoMessage.h */ = {isa = PBXFileReference; fileEncoding = 4; lastKnownFileType = sourcecode.c.h; name = IoMessage.h; path = /opt/local/include/io/IoMessage.h; sourceTree = "<absolute>"; };
		62BE5EF81211D2F70007C25C /* IoMessage_inline.h */ = {isa = PBXFileReference; fileEncoding = 4; lastKnownFileType = sourcecode.c.h; name = IoMessage_inline.h; path = /opt/local/include/io/IoMessage_inline.h; sourceTree = "<absolute>"; };
		62BE5EF91211D2F70007C25C /* IoMessage_opShuffle.h */ = {isa = PBXFileReference; fileEncoding = 4; lastKnownFileType = sourcecode.c.h; name = IoMessage_opShuffle.h; path = /opt/local/include/io/IoMessage_opShuffle.h; sourceTree = "<absolute>"; };
		62BE5EFA1211D2F70007C25C /* IoMessage_parser.h */ = {isa = PBXFileReference; fileEncoding = 4; lastKnownFileType = sourcecode.c.h; name = IoMessage_parser.h; path = /opt/local/include/io/IoMessage_parser.h; sourceTree = "<absolute>"; };
		62BE5EFB1211D2F70007C25C /* IoNumber.h */ = {isa = PBXFileReference; fileEncoding = 4; lastKnownFileType = sourcecode.c.h; name = IoNumber.h; path = /opt/local/include/io/IoNumber.h; sourceTree = "<absolute>"; };
		62BE5EFC1211D2F70007C25C /* IoObject.h */ = {isa = PBXFileReference; fileEncoding = 4; lastKnownFileType = sourcecode.c.h; name = IoObject.h; path = /opt/local/include/io/IoObject.h; sourceTree = "<absolute>"; };
		62BE5EFD1211D2F70007C25C /* IoObject_flow.h */ = {isa = PBXFileReference; fileEncoding = 4; lastKnownFileType = sourcecode.c.h; name = IoObject_flow.h; path = /opt/local/include/io/IoObject_flow.h; sourceTree = "<absolute>"; };
		62BE5EFE1211D2F70007C25C /* IoObject_inline.h */ = {isa = PBXFileReference; fileEncoding = 4; lastKnownFileType = sourcecode.c.h; name = IoObject_inline.h; path = /opt/local/include/io/IoObject_inline.h; sourceTree = "<absolute>"; };
		62BE5EFF1211D2F70007C25C /* IoObject_struct.h */ = {isa = PBXFileReference; fileEncoding = 4; lastKnownFileType = sourcecode.c.h; name = IoObject_struct.h; path = /opt/local/include/io/IoObject_struct.h; sourceTree = "<absolute>"; };
		62BE5F001211D2F70007C25C /* IoSandbox.h */ = {isa = PBXFileReference; fileEncoding = 4; lastKnownFileType = sourcecode.c.h; name = IoSandbox.h; path = /opt/local/include/io/IoSandbox.h; sourceTree = "<absolute>"; };
		62BE5F011211D2F70007C25C /* IoSeq.h */ = {isa = PBXFileReference; fileEncoding = 4; lastKnownFileType = sourcecode.c.h; name = IoSeq.h; path = /opt/local/include/io/IoSeq.h; sourceTree = "<absolute>"; };
		62BE5F021211D2F70007C25C /* IoSeq_immutable.h */ = {isa = PBXFileReference; fileEncoding = 4; lastKnownFileType = sourcecode.c.h; name = IoSeq_immutable.h; path = /opt/local/include/io/IoSeq_immutable.h; sourceTree = "<absolute>"; };
		62BE5F031211D2F70007C25C /* IoSeq_inline.h */ = {isa = PBXFileReference; fileEncoding = 4; lastKnownFileType = sourcecode.c.h; name = IoSeq_inline.h; path = /opt/local/include/io/IoSeq_inline.h; sourceTree = "<absolute>"; };
		62BE5F041211D2F70007C25C /* IoSeq_mutable.h */ = {isa = PBXFileReference; fileEncoding = 4; lastKnownFileType = sourcecode.c.h; name = IoSeq_mutable.h; path = /opt/local/include/io/IoSeq_mutable.h; sourceTree = "<absolute>"; };
		62BE5F051211D2F70007C25C /* IoSeq_vector.h */ = {isa = PBXFileReference; fileEncoding = 4; lastKnownFileType = sourcecode.c.h; name = IoSeq_vector.h; path = /opt/local/include/io/IoSeq_vector.h; sourceTree = "<absolute>"; };
		62BE5F061211D2F70007C25C /* IoState.h */ = {isa = PBXFileReference; fileEncoding = 4; lastKnownFileType = sourcecode.c.h; name = IoState.h; path = /opt/local/include/io/IoState.h; sourceTree = "<absolute>"; };
		62BE5F071211D2F70007C25C /* IoState_callbacks.h */ = {isa = PBXFileReference; fileEncoding = 4; lastKnownFileType = sourcecode.c.h; name = IoState_callbacks.h; path = /opt/local/include/io/IoState_callbacks.h; sourceTree = "<absolute>"; };
		62BE5F081211D2F70007C25C /* IoState_coros.h */ = {isa = PBXFileReference; fileEncoding = 4; lastKnownFileType = sourcecode.c.h; name = IoState_coros.h; path = /opt/local/include/io/IoState_coros.h; sourceTree = "<absolute>"; };
		62BE5F091211D2F70007C25C /* IoState_debug.h */ = {isa = PBXFileReference; fileEncoding = 4; lastKnownFileType = sourcecode.c.h; name = IoState_debug.h; path = /opt/local/include/io/IoState_debug.h; sourceTree = "<absolute>"; };
		62BE5F0A1211D2F70007C25C /* IoState_eval.h */ = {isa = PBXFileReference; fileEncoding = 4; lastKnownFileType = sourcecode.c.h; name = IoState_eval.h; path = /opt/local/include/io/IoState_eval.h; sourceTree = "<absolute>"; };
		62BE5F0B1211D2F70007C25C /* IoState_exceptions.h */ = {isa = PBXFileReference; fileEncoding = 4; lastKnownFileType = sourcecode.c.h; name = IoState_exceptions.h; path = /opt/local/include/io/IoState_exceptions.h; sourceTree = "<absolute>"; };
		62BE5F0C1211D2F70007C25C /* IoState_inline.h */ = {isa = PBXFileReference; fileEncoding = 4; lastKnownFileType = sourcecode.c.h; name = IoState_inline.h; path = /opt/local/include/io/IoState_inline.h; sourceTree = "<absolute>"; };
		62BE5F0D1211D2F70007C25C /* IoState_symbols.h */ = {isa = PBXFileReference; fileEncoding = 4; lastKnownFileType = sourcecode.c.h; name = IoState_symbols.h; path = /opt/local/include/io/IoState_symbols.h; sourceTree = "<absolute>"; };
		62BE5F0E1211D2F70007C25C /* IoSystem.h */ = {isa = PBXFileReference; fileEncoding = 4; lastKnownFileType = sourcecode.c.h; name = IoSystem.h; path = /opt/local/include/io/IoSystem.h; sourceTree = "<absolute>"; };
		62BE5F0F1211D2F70007C25C /* IoTag.h */ = {isa = PBXFileReference; fileEncoding = 4; lastKnownFileType = sourcecode.c.h; name = IoTag.h; path = /opt/local/include/io/IoTag.h; sourceTree = "<absolute>"; };
		62BE5F101211D2F70007C25C /* IoTag_inline.h */ = {isa = PBXFileReference; fileEncoding = 4; lastKnownFileType = sourcecode.c.h; name = IoTag_inline.h; path = /opt/local/include/io/IoTag_inline.h; sourceTree = "<absolute>"; };
		62BE5F111211D2F70007C25C /* IoToken.h */ = {isa = PBXFileReference; fileEncoding = 4; lastKnownFileType = sourcecode.c.h; name = IoToken.h; path = /opt/local/include/io/IoToken.h; sourceTree = "<absolute>"; };
		62BE5F121211D2F70007C25C /* IoVersion.h */ = {isa = PBXFileReference; fileEncoding = 4; lastKnownFileType = sourcecode.c.h; name = IoVersion.h; path = /opt/local/include/io/IoVersion.h; sourceTree = "<absolute>"; };
		62BE5F131211D2F70007C25C /* IoVM.h */ = {isa = PBXFileReference; fileEncoding = 4; lastKnownFileType = sourcecode.c.h; name = IoVM.h; path = /opt/local/include/io/IoVM.h; sourceTree = "<absolute>"; };
		62BE5F141211D2F70007C25C /* IoVMApi.h */ = {isa = PBXFileReference; fileEncoding = 4; lastKnownFileType = sourcecode.c.h; name = IoVMApi.h; path = /opt/local/include/io/IoVMApi.h; sourceTree = "<absolute>"; };
		62BE5F151211D2F70007C25C /* IoWeakLink.h */ = {isa = PBXFileReference; fileEncoding = 4; lastKnownFileType = sourcecode.c.h; name = IoWeakLink.h; path = /opt/local/include/io/IoWeakLink.h; sourceTree = "<absolute>"; };
		62BE5F161211D2F70007C25C /* List.h */ = {isa = PBXFileReference; fileEncoding = 4; lastKnownFileType = sourcecode.c.h; name = List.h; path = /opt/local/include/io/List.h; sourceTree = "<absolute>"; };
		62BE5F171211D2F70007C25C /* List_inline.h */ = {isa = PBXFileReference; fileEncoding = 4; lastKnownFileType = sourcecode.c.h; name = List_inline.h; path = /opt/local/include/io/List_inline.h; sourceTree = "<absolute>"; };
		62BE5F181211D2F70007C25C /* MainArgs.h */ = {isa = PBXFileReference; fileEncoding = 4; lastKnownFileType = sourcecode.c.h; name = MainArgs.h; path = /opt/local/include/io/MainArgs.h; sourceTree = "<absolute>"; };
		62BE5F191211D2F70007C25C /* PHash.h */ = {isa = PBXFileReference; fileEncoding = 4; lastKnownFileType = sourcecode.c.h; name = PHash.h; path = /opt/local/include/io/PHash.h; sourceTree = "<absolute>"; };
		62BE5F1A1211D2F70007C25C /* PHash_inline.h */ = {isa = PBXFileReference; fileEncoding = 4; lastKnownFileType = sourcecode.c.h; name = PHash_inline.h; path = /opt/local/include/io/PHash_inline.h; sourceTree = "<absolute>"; };
		62BE5F1B1211D2F70007C25C /* PHash_struct.h */ = {isa = PBXFileReference; fileEncoding = 4; lastKnownFileType = sourcecode.c.h; name = PHash_struct.h; path = /opt/local/include/io/PHash_struct.h; sourceTree = "<absolute>"; };
		62BE5F1C1211D2F70007C25C /* PointerHash.h */ = {isa = PBXFileReference; fileEncoding = 4; lastKnownFileType = sourcecode.c.h; name = PointerHash.h; path = /opt/local/include/io/PointerHash.h; sourceTree = "<absolute>"; };
		62BE5F1D1211D2F70007C25C /* PointerHash_inline.h */ = {isa = PBXFileReference; fileEncoding = 4; lastKnownFileType = sourcecode.c.h; name = PointerHash_inline.h; path = /opt/local/include/io/PointerHash_inline.h; sourceTree = "<absolute>"; };
		62BE5F1E1211D2F70007C25C /* PointerHash_struct.h */ = {isa = PBXFileReference; fileEncoding = 4; lastKnownFileType = sourcecode.c.h; name = PointerHash_struct.h; path = /opt/local/include/io/PointerHash_struct.h; sourceTree = "<absolute>"; };
		62BE5F1F1211D2F70007C25C /* PortableGettimeofday.h */ = {isa = PBXFileReference; fileEncoding = 4; lastKnownFileType = sourcecode.c.h; name = PortableGettimeofday.h; path = /opt/local/include/io/PortableGettimeofday.h; sourceTree = "<absolute>"; };
		62BE5F201211D2F70007C25C /* PortableSorting.h */ = {isa = PBXFileReference; fileEncoding = 4; lastKnownFileType = sourcecode.c.h; name = PortableSorting.h; path = /opt/local/include/io/PortableSorting.h; sourceTree = "<absolute>"; };
		62BE5F211211D2F70007C25C /* PortableStdint.h */ = {isa = PBXFileReference; fileEncoding = 4; lastKnownFileType = sourcecode.c.h; name = PortableStdint.h; path = /opt/local/include/io/PortableStdint.h; sourceTree = "<absolute>"; };
		62BE5F221211D2F70007C25C /* PortableStrlcpy.h */ = {isa = PBXFileReference; fileEncoding = 4; lastKnownFileType = sourcecode.c.h; name = PortableStrlcpy.h; path = /opt/local/include/io/PortableStrlcpy.h; sourceTree = "<absolute>"; };
		62BE5F231211D2F70007C25C /* PortableStrptime.h */ = {isa = PBXFileReference; fileEncoding = 4; lastKnownFileType = sourcecode.c.h; name = PortableStrptime.h; path = /opt/local/include/io/PortableStrptime.h; sourceTree = "<absolute>"; };
		62BE5F241211D2F70007C25C /* PortableTruncate.h */ = {isa = PBXFileReference; fileEncoding = 4; lastKnownFileType = sourcecode.c.h; name = PortableTruncate.h; path = /opt/local/include/io/PortableTruncate.h; sourceTree = "<absolute>"; };
		62BE5F251211D2F70007C25C /* PortableUsleep.h */ = {isa = PBXFileReference; fileEncoding = 4; lastKnownFileType = sourcecode.c.h; name = PortableUsleep.h; path = /opt/local/include/io/PortableUsleep.h; sourceTree = "<absolute>"; };
		62BE5F261211D2F70007C25C /* power-ucontext.h */ = {isa = PBXFileReference; fileEncoding = 4; lastKnownFileType = sourcecode.c.h; name = "power-ucontext.h"; path = "/opt/local/include/io/power-ucontext.h"; sourceTree = "<absolute>"; };
		62BE5F271211D2F70007C25C /* RandomGen.h */ = {isa = PBXFileReference; fileEncoding = 4; lastKnownFileType = sourcecode.c.h; name = RandomGen.h; path = /opt/local/include/io/RandomGen.h; sourceTree = "<absolute>"; };
		62BE5F281211D2F70007C25C /* Stack.h */ = {isa = PBXFileReference; fileEncoding = 4; lastKnownFileType = sourcecode.c.h; name = Stack.h; path = /opt/local/include/io/Stack.h; sourceTree = "<absolute>"; };
		62BE5F291211D2F70007C25C /* Stack_inline.h */ = {isa = PBXFileReference; fileEncoding = 4; lastKnownFileType = sourcecode.c.h; name = Stack_inline.h; path = /opt/local/include/io/Stack_inline.h; sourceTree = "<absolute>"; };
		62BE5F2A1211D2F70007C25C /* taskimpl.h */ = {isa = PBXFileReference; fileEncoding = 4; lastKnownFileType = sourcecode.c.h; name = taskimpl.h; path = /opt/local/include/io/taskimpl.h; sourceTree = "<absolute>"; };
		62BE5F2B1211D2F70007C25C /* UArray.h */ = {isa = PBXFileReference; fileEncoding = 4; lastKnownFileType = sourcecode.c.h; name = UArray.h; path = /opt/local/include/io/UArray.h; sourceTree = "<absolute>"; };
		62BE5F2C1211D2F70007C25C /* UArray_character.h */ = {isa = PBXFileReference; fileEncoding = 4; lastKnownFileType = sourcecode.c.h; name = UArray_character.h; path = /opt/local/include/io/UArray_character.h; sourceTree = "<absolute>"; };
		62BE5F2D1211D2F70007C25C /* UArray_format.h */ = {isa = PBXFileReference; fileEncoding = 4; lastKnownFileType = sourcecode.c.h; name = UArray_format.h; path = /opt/local/include/io/UArray_format.h; sourceTree = "<absolute>"; };
		62BE5F2E1211D2F70007C25C /* UArray_math.h */ = {isa = PBXFileReference; fileEncoding = 4; lastKnownFileType = sourcecode.c.h; name = UArray_math.h; path = /opt/local/include/io/UArray_math.h; sourceTree = "<absolute>"; };
		62BE5F2F1211D2F70007C25C /* UArray_path.h */ = {isa = PBXFileReference; fileEncoding = 4; lastKnownFileType = sourcecode.c.h; name = UArray_path.h; path = /opt/local/include/io/UArray_path.h; sourceTree = "<absolute>"; };
		62BE5F301211D2F70007C25C /* UArray_stream.h */ = {isa = PBXFileReference; fileEncoding = 4; lastKnownFileType = sourcecode.c.h; name = UArray_stream.h; path = /opt/local/include/io/UArray_stream.h; sourceTree = "<absolute>"; };
		62BE5F311211D2F70007C25C /* UArray_string.h */ = {isa = PBXFileReference; fileEncoding = 4; lastKnownFileType = sourcecode.c.h; name = UArray_string.h; path = /opt/local/include/io/UArray_string.h; sourceTree = "<absolute>"; };
		62BE5F321211D2F70007C25C /* UArray_utf.h */ = {isa = PBXFileReference; fileEncoding = 4; lastKnownFileType = sourcecode.c.h; name = UArray_utf.h; path = /opt/local/include/io/UArray_utf.h; sourceTree = "<absolute>"; };
		62BE5F331211D2F70007C25C /* utf8.h */ = {isa = PBXFileReference; fileEncoding = 4; lastKnownFileType = sourcecode.c.h; name = utf8.h; path = /opt/local/include/io/utf8.h; sourceTree = "<absolute>"; };
		62BE5F341211D2F70007C25C /* utf8internal.h */ = {isa = PBXFileReference; fileEncoding = 4; lastKnownFileType = sourcecode.c.h; name = utf8internal.h; path = /opt/local/include/io/utf8internal.h; sourceTree = "<absolute>"; };
		62BE5F351211D2F70007C25C /* utf_convert.h */ = {isa = PBXFileReference; fileEncoding = 4; lastKnownFileType = sourcecode.c.h; name = utf_convert.h; path = /opt/local/include/io/utf_convert.h; sourceTree = "<absolute>"; };
		62D791C112077BC800DED8D3 /* English */ = {isa = PBXFileReference; fileEncoding = 4; lastKnownFileType = text.plist.strings; name = English; path = InfoPlist.strings; sourceTree = "<group>"; };
		62D791D412077C0C00DED8D3 /* Info.plist */ = {isa = PBXFileReference; fileEncoding = 4; lastKnownFileType = text.plist.xml; path = Info.plist; sourceTree = "<group>"; };
		62D79636120A164200DED8D3 /* SConstruct */ = {isa = PBXFileReference; fileEncoding = 4; lastKnownFileType = text; path = SConstruct; sourceTree = "<group>"; };
		62D79674120A202400DED8D3 /* scripts */ = {isa = PBXFileReference; lastKnownFileType = folder; path = scripts; sourceTree = "<group>"; };
		8D1107320486CEB800E47090 /* sank-into.app */ = {isa = PBXFileReference; explicitFileType = wrapper.application; includeInIndex = 0; path = "sank-into.app"; sourceTree = BUILT_PRODUCTS_DIR; };
/* End PBXFileReference section */

/* Begin PBXFrameworksBuildPhase section */
		8D11072E0486CEB800E47090 /* Frameworks */ = {
			isa = PBXFrameworksBuildPhase;
			buildActionMask = 2147483647;
			files = (
				002F39FA09D0881F00EBEB88 /* SDL.framework in Frameworks */,
				002F3C6109D0951E00EBEB88 /* GLUT.framework in Frameworks */,
				8D11072F0486CEB800E47090 /* Cocoa.framework in Frameworks */,
				002F3C0109D093BD00EBEB88 /* OpenGL.framework in Frameworks */,
				22E046CE120CA89400C18C23 /* Lua.framework in Frameworks */,
				6246C80C1210ADC4002FEF43 /* Python.framework in Frameworks */,
				62BE5ECB1211D2ED0007C25C /* libiovmall.a in Frameworks */,
			);
			runOnlyForDeploymentPostprocessing = 0;
		};
/* End PBXFrameworksBuildPhase section */

/* Begin PBXGroup section */
		1058C7A0FEA54F0111CA2CBB /* Linked Frameworks */ = {
			isa = PBXGroup;
			children = (
				6246C80B1210ADC4002FEF43 /* Python.framework */,
				22E046CD120CA89400C18C23 /* Lua.framework */,
				002F39F909D0881F00EBEB88 /* SDL.framework */,
				002F3C6009D0951E00EBEB88 /* GLUT.framework */,
				1058C7A1FEA54F0111CA2CBB /* Cocoa.framework */,
				002F3C0009D093BD00EBEB88 /* OpenGL.framework */,
			);
			name = "Linked Frameworks";
			sourceTree = "<group>";
		};
		1058C7A2FEA54F0111CA2CBB /* Other Frameworks */ = {
			isa = PBXGroup;
			children = (
				29B97324FDCFA39411CA2CEA /* AppKit.framework */,
				29B97325FDCFA39411CA2CEA /* Foundation.framework */,
			);
			name = "Other Frameworks";
			sourceTree = "<group>";
		};
		19C28FACFE9D520D11CA2CBB /* Products */ = {
			isa = PBXGroup;
			children = (
				8D1107320486CEB800E47090 /* sank-into.app */,
			);
			name = Products;
			sourceTree = "<group>";
		};
		221D48A8120FA87D002DDB9E /* src */ = {
			isa = PBXGroup;
			children = (
				6246C8C41210B32C002FEF43 /* config.h */,
				221D48A9120FA87D002DDB9E /* fsColor.cpp */,
				221D48AA120FA87D002DDB9E /* fsColor.h */,
				221D48AB120FA87D002DDB9E /* fsPoint2f.cpp */,
				221D48AC120FA87D002DDB9E /* fsPoint2f.h */,
				221D48AD120FA87D002DDB9E /* fsPoint2i.cpp */,
				221D48AE120FA87D002DDB9E /* fsPoint2i.h */,
				221D48AF120FA87D002DDB9E /* fsRendererGL.cpp */,
				221D48B0120FA87D002DDB9E /* fsRendererGL.h */,
				221D48B1120FA87D002DDB9E /* fsScript.cpp */,
				221D48B2120FA87D002DDB9E /* fsScript.h */,
				221D48B3120FA87D002DDB9E /* fsScriptLua.cpp */,
				221D48B4120FA87D002DDB9E /* fsScriptLua.h */,
				221D48B5120FA87D002DDB9E /* fsScriptPy.cpp */,
				221D48B6120FA87D002DDB9E /* fsScriptPy.h */,
				221D48F1120FAA28002DDB9E /* fsScriptIO.h */,
				221D48F2120FAA28002DDB9E /* fsScriptIO.cpp */,
				221D48B7120FA87D002DDB9E /* gameController.cpp */,
				221D48B8120FA87D002DDB9E /* gameController.h */,
				221D48B9120FA87D002DDB9E /* gameEntity.cpp */,
				221D48BA120FA87D002DDB9E /* gameEntity.h */,
				221D48BB120FA87D002DDB9E /* gameLevel.cpp */,
				221D48BC120FA87D002DDB9E /* gameLevel.h */,
				221D48BD120FA87D002DDB9E /* gameObject.cpp */,
				221D48BE120FA87D002DDB9E /* gameObject.h */,
				221D48BF120FA87D002DDB9E /* general.h */,
				221D48C0120FA87D002DDB9E /* glContext.cpp */,
				221D48C1120FA87D002DDB9E /* glContext.h */,
				221D48C2120FA87D002DDB9E /* handleEvents.cpp */,
				221D48C3120FA87D002DDB9E /* handleEvents.h */,
				221D48C4120FA87D002DDB9E /* handleScreen.cpp */,
				221D48C5120FA87D002DDB9E /* handleScreen.h */,
				221D48C6120FA87D002DDB9E /* main.cpp */,
				221D48C7120FA87D002DDB9E /* quadtree.h */,
				221D48C8120FA87D002DDB9E /* scriptInterpreter.cpp */,
				221D48C9120FA87D002DDB9E /* scriptInterpreter.h */,
				221D48CA120FA87D002DDB9E /* SDLMain.h */,
				221D48CB120FA87D002DDB9E /* SDLMain.m */,
			);
			path = src;
			sourceTree = "<group>";
		};
		29B97314FDCFA39411CA2CEA /* sank-into */ = {
			isa = PBXGroup;
			children = (
				62BE5ECA1211D2EC0007C25C /* libiovmall.a */,
				62BE5ECD1211D2F70007C25C /* io */,
				221D48A8120FA87D002DDB9E /* src */,
				62D79674120A202400DED8D3 /* scripts */,
				62D79636120A164200DED8D3 /* SConstruct */,
				29B97317FDCFA39411CA2CEA /* Resources */,
				29B97323FDCFA39411CA2CEA /* Frameworks */,
				19C28FACFE9D520D11CA2CBB /* Products */,
			);
			name = "sank-into";
			sourceTree = "<group>";
		};
		29B97317FDCFA39411CA2CEA /* Resources */ = {
			isa = PBXGroup;
			children = (
				62D791D412077C0C00DED8D3 /* Info.plist */,
				62D791BF12077BC800DED8D3 /* English.lproj */,
			);
			name = Resources;
			sourceTree = "<group>";
		};
		29B97323FDCFA39411CA2CEA /* Frameworks */ = {
			isa = PBXGroup;
			children = (
				1058C7A0FEA54F0111CA2CBB /* Linked Frameworks */,
				1058C7A2FEA54F0111CA2CBB /* Other Frameworks */,
			);
			name = Frameworks;
			sourceTree = "<group>";
		};
		62BE5ECD1211D2F70007C25C /* io */ = {
			isa = PBXGroup;
			children = (
				62BE5ECE1211D2F70007C25C /* 386-ucontext.h */,
				62BE5ECF1211D2F70007C25C /* amd64-ucontext.h */,
				62BE5ED01211D2F70007C25C /* Base.h */,
				62BE5ED11211D2F70007C25C /* BStream.h */,
				62BE5ED21211D2F70007C25C /* BStreamTag.h */,
				62BE5ED31211D2F70007C25C /* cdecode.h */,
				62BE5ED41211D2F70007C25C /* cencode.h */,
				62BE5ED51211D2F70007C25C /* CHash.h */,
				62BE5ED61211D2F70007C25C /* CHash_inline.h */,
				62BE5ED71211D2F70007C25C /* Collector.h */,
				62BE5ED81211D2F70007C25C /* Collector_inline.h */,
				62BE5ED91211D2F70007C25C /* CollectorMarker.h */,
				62BE5EDA1211D2F70007C25C /* CollectorMarker_inline.h */,
				62BE5EDB1211D2F70007C25C /* Common.h */,
				62BE5EDC1211D2F70007C25C /* Common_inline.h */,
				62BE5EDD1211D2F70007C25C /* Coro.h */,
				62BE5EDE1211D2F70007C25C /* Date.h */,
				62BE5EDF1211D2F70007C25C /* Duration.h */,
				62BE5EE01211D2F70007C25C /* DynLib.h */,
				62BE5EE11211D2F70007C25C /* Hash_fnv.h */,
				62BE5EE21211D2F70007C25C /* Hash_murmur.h */,
				62BE5EE31211D2F70007C25C /* Hash_superfast.h */,
				62BE5EE41211D2F70007C25C /* IoBlock.h */,
				62BE5EE51211D2F70007C25C /* IoCall.h */,
				62BE5EE61211D2F70007C25C /* IoCFunction.h */,
				62BE5EE71211D2F70007C25C /* IoCollector.h */,
				62BE5EE81211D2F70007C25C /* IoCompiler.h */,
				62BE5EE91211D2F70007C25C /* IoConfig.h */,
				62BE5EEA1211D2F70007C25C /* IoContext.h */,
				62BE5EEB1211D2F70007C25C /* IoCoroutine.h */,
				62BE5EEC1211D2F70007C25C /* IoDate.h */,
				62BE5EED1211D2F70007C25C /* IoDebugger.h */,
				62BE5EEE1211D2F70007C25C /* IoDirectory.h */,
				62BE5EEF1211D2F70007C25C /* IoDuration.h */,
				62BE5EF01211D2F70007C25C /* IoDynLib.h */,
				62BE5EF11211D2F70007C25C /* IoError.h */,
				62BE5EF21211D2F70007C25C /* IoFile.h */,
				62BE5EF31211D2F70007C25C /* IoFile_stat.h */,
				62BE5EF41211D2F70007C25C /* IoLexer.h */,
				62BE5EF51211D2F70007C25C /* IoList.h */,
				62BE5EF61211D2F70007C25C /* IoMap.h */,
				62BE5EF71211D2F70007C25C /* IoMessage.h */,
				62BE5EF81211D2F70007C25C /* IoMessage_inline.h */,
				62BE5EF91211D2F70007C25C /* IoMessage_opShuffle.h */,
				62BE5EFA1211D2F70007C25C /* IoMessage_parser.h */,
				62BE5EFB1211D2F70007C25C /* IoNumber.h */,
				62BE5EFC1211D2F70007C25C /* IoObject.h */,
				62BE5EFD1211D2F70007C25C /* IoObject_flow.h */,
				62BE5EFE1211D2F70007C25C /* IoObject_inline.h */,
				62BE5EFF1211D2F70007C25C /* IoObject_struct.h */,
				62BE5F001211D2F70007C25C /* IoSandbox.h */,
				62BE5F011211D2F70007C25C /* IoSeq.h */,
				62BE5F021211D2F70007C25C /* IoSeq_immutable.h */,
				62BE5F031211D2F70007C25C /* IoSeq_inline.h */,
				62BE5F041211D2F70007C25C /* IoSeq_mutable.h */,
				62BE5F051211D2F70007C25C /* IoSeq_vector.h */,
				62BE5F061211D2F70007C25C /* IoState.h */,
				62BE5F071211D2F70007C25C /* IoState_callbacks.h */,
				62BE5F081211D2F70007C25C /* IoState_coros.h */,
				62BE5F091211D2F70007C25C /* IoState_debug.h */,
				62BE5F0A1211D2F70007C25C /* IoState_eval.h */,
				62BE5F0B1211D2F70007C25C /* IoState_exceptions.h */,
				62BE5F0C1211D2F70007C25C /* IoState_inline.h */,
				62BE5F0D1211D2F70007C25C /* IoState_symbols.h */,
				62BE5F0E1211D2F70007C25C /* IoSystem.h */,
				62BE5F0F1211D2F70007C25C /* IoTag.h */,
				62BE5F101211D2F70007C25C /* IoTag_inline.h */,
				62BE5F111211D2F70007C25C /* IoToken.h */,
				62BE5F121211D2F70007C25C /* IoVersion.h */,
				62BE5F131211D2F70007C25C /* IoVM.h */,
				62BE5F141211D2F70007C25C /* IoVMApi.h */,
				62BE5F151211D2F70007C25C /* IoWeakLink.h */,
				62BE5F161211D2F70007C25C /* List.h */,
				62BE5F171211D2F70007C25C /* List_inline.h */,
				62BE5F181211D2F70007C25C /* MainArgs.h */,
				62BE5F191211D2F70007C25C /* PHash.h */,
				62BE5F1A1211D2F70007C25C /* PHash_inline.h */,
				62BE5F1B1211D2F70007C25C /* PHash_struct.h */,
				62BE5F1C1211D2F70007C25C /* PointerHash.h */,
				62BE5F1D1211D2F70007C25C /* PointerHash_inline.h */,
				62BE5F1E1211D2F70007C25C /* PointerHash_struct.h */,
				62BE5F1F1211D2F70007C25C /* PortableGettimeofday.h */,
				62BE5F201211D2F70007C25C /* PortableSorting.h */,
				62BE5F211211D2F70007C25C /* PortableStdint.h */,
				62BE5F221211D2F70007C25C /* PortableStrlcpy.h */,
				62BE5F231211D2F70007C25C /* PortableStrptime.h */,
				62BE5F241211D2F70007C25C /* PortableTruncate.h */,
				62BE5F251211D2F70007C25C /* PortableUsleep.h */,
				62BE5F261211D2F70007C25C /* power-ucontext.h */,
				62BE5F271211D2F70007C25C /* RandomGen.h */,
				62BE5F281211D2F70007C25C /* Stack.h */,
				62BE5F291211D2F70007C25C /* Stack_inline.h */,
				62BE5F2A1211D2F70007C25C /* taskimpl.h */,
				62BE5F2B1211D2F70007C25C /* UArray.h */,
				62BE5F2C1211D2F70007C25C /* UArray_character.h */,
				62BE5F2D1211D2F70007C25C /* UArray_format.h */,
				62BE5F2E1211D2F70007C25C /* UArray_math.h */,
				62BE5F2F1211D2F70007C25C /* UArray_path.h */,
				62BE5F301211D2F70007C25C /* UArray_stream.h */,
				62BE5F311211D2F70007C25C /* UArray_string.h */,
				62BE5F321211D2F70007C25C /* UArray_utf.h */,
				62BE5F331211D2F70007C25C /* utf8.h */,
				62BE5F341211D2F70007C25C /* utf8internal.h */,
				62BE5F351211D2F70007C25C /* utf_convert.h */,
			);
			name = io;
			path = /opt/local/include/io;
			sourceTree = "<absolute>";
		};
		62D791BF12077BC800DED8D3 /* English.lproj */ = {
			isa = PBXGroup;
			children = (
				62D791C012077BC800DED8D3 /* InfoPlist.strings */,
			);
			name = English.lproj;
			path = resource/English.lproj;
			sourceTree = "<group>";
		};
/* End PBXGroup section */

/* Begin PBXNativeTarget section */
		8D1107260486CEB800E47090 /* sank-into */ = {
			isa = PBXNativeTarget;
			buildConfigurationList = C01FCF4A08A954540054247B /* Build configuration list for PBXNativeTarget "sank-into" */;
			buildPhases = (
				8D1107290486CEB800E47090 /* Resources */,
				8D11072C0486CEB800E47090 /* Sources */,
				8D11072E0486CEB800E47090 /* Frameworks */,
				002F39FD09D0883400EBEB88 /* Copy Frameworks into .app bundle */,
				22E04692120CA43100C18C23 /* CopyFiles */,
				6246C53A12109B6F002FEF43 /* CopyFiles */,
			);
			buildRules = (
			);
			dependencies = (
			);
			name = "sank-into";
			productInstallPath = "$(HOME)/Applications";
			productName = "sank-into";
			productReference = 8D1107320486CEB800E47090 /* sank-into.app */;
			productType = "com.apple.product-type.application";
		};
/* End PBXNativeTarget section */

/* Begin PBXProject section */
		29B97313FDCFA39411CA2CEA /* Project object */ = {
			isa = PBXProject;
			buildConfigurationList = C01FCF4E08A954540054247B /* Build configuration list for PBXProject "sank-into" */;
			compatibilityVersion = "Xcode 2.4";
			hasScannedForEncodings = 1;
			mainGroup = 29B97314FDCFA39411CA2CEA /* sank-into */;
			projectDirPath = "";
			projectRoot = "";
			targets = (
				8D1107260486CEB800E47090 /* sank-into */,
			);
		};
/* End PBXProject section */

/* Begin PBXResourcesBuildPhase section */
		8D1107290486CEB800E47090 /* Resources */ = {
			isa = PBXResourcesBuildPhase;
			buildActionMask = 2147483647;
			files = (
				62D791C212077BC800DED8D3 /* InfoPlist.strings in Resources */,
				62D79637120A164200DED8D3 /* SConstruct in Resources */,
				62D79676120A202400DED8D3 /* scripts in Resources */,
			);
			runOnlyForDeploymentPostprocessing = 0;
		};
/* End PBXResourcesBuildPhase section */

/* Begin PBXSourcesBuildPhase section */
		8D11072C0486CEB800E47090 /* Sources */ = {
			isa = PBXSourcesBuildPhase;
			buildActionMask = 2147483647;
			files = (
				221D48CC120FA87D002DDB9E /* fsColor.cpp in Sources */,
				221D48CD120FA87D002DDB9E /* fsPoint2f.cpp in Sources */,
				221D48CE120FA87D002DDB9E /* fsPoint2i.cpp in Sources */,
				221D48CF120FA87D002DDB9E /* fsRendererGL.cpp in Sources */,
				221D48D0120FA87D002DDB9E /* fsScript.cpp in Sources */,
				221D48D1120FA87D002DDB9E /* fsScriptLua.cpp in Sources */,
				221D48D2120FA87D002DDB9E /* fsScriptPy.cpp in Sources */,
				221D48D3120FA87D002DDB9E /* gameController.cpp in Sources */,
				221D48D4120FA87D002DDB9E /* gameEntity.cpp in Sources */,
				221D48D5120FA87D002DDB9E /* gameLevel.cpp in Sources */,
				221D48D6120FA87D002DDB9E /* gameObject.cpp in Sources */,
				221D48D7120FA87D002DDB9E /* glContext.cpp in Sources */,
				221D48D8120FA87D002DDB9E /* handleEvents.cpp in Sources */,
				221D48D9120FA87D002DDB9E /* handleScreen.cpp in Sources */,
				221D48DA120FA87D002DDB9E /* main.cpp in Sources */,
				221D48DB120FA87D002DDB9E /* scriptInterpreter.cpp in Sources */,
				221D48DC120FA87D002DDB9E /* SDLMain.m in Sources */,
				221D48F3120FAA28002DDB9E /* fsScriptIO.cpp in Sources */,
			);
			runOnlyForDeploymentPostprocessing = 0;
		};
/* End PBXSourcesBuildPhase section */

/* Begin PBXVariantGroup section */
		62D791C012077BC800DED8D3 /* InfoPlist.strings */ = {
			isa = PBXVariantGroup;
			children = (
				62D791C112077BC800DED8D3 /* English */,
			);
			name = InfoPlist.strings;
			sourceTree = "<group>";
		};
/* End PBXVariantGroup section */

/* Begin XCBuildConfiguration section */
		C01FCF4B08A954540054247B /* Debug */ = {
			isa = XCBuildConfiguration;
			buildSettings = {
				COPY_PHASE_STRIP = NO;
				FRAMEWORK_SEARCH_PATHS = (
					"$(inherited)",
					"$(FRAMEWORK_SEARCH_PATHS_QUOTED_FOR_TARGET_1)",
				);
				FRAMEWORK_SEARCH_PATHS_QUOTED_FOR_TARGET_1 = "\"$(SRCROOT)/lib\"";
				GCC_DYNAMIC_NO_PIC = NO;
				GCC_ENABLE_FIX_AND_CONTINUE = YES;
				GCC_MODEL_TUNING = G5;
				GCC_OPTIMIZATION_LEVEL = 0;
				INFOPLIST_FILE = Info.plist;
				INSTALL_PATH = "$(HOME)/Applications";
				LIBRARY_SEARCH_PATHS = (
					"$(inherited)",
					/opt/local/lib,
					"$(LIBRARY_SEARCH_PATHS_QUOTED_FOR_TARGET_1)",
					/forge/externalSources/libio,
					"$(LIBRARY_SEARCH_PATHS_QUOTED_FOR_TARGET_2)",
				);
				LIBRARY_SEARCH_PATHS_QUOTED_FOR_TARGET_1 = "\"$(SRCROOT)/../Downloads/stevedekorte-io-4a815af/_build/lib\"";
				LIBRARY_SEARCH_PATHS_QUOTED_FOR_TARGET_2 = "\"$(SRCROOT)/lib/libiovmall/osx\"";
				PRODUCT_NAME = "sank-into";
				WRAPPER_EXTENSION = app;
				ZERO_LINK = YES;
			};
			name = Debug;
		};
		C01FCF4C08A954540054247B /* Release */ = {
			isa = XCBuildConfiguration;
			buildSettings = {
				ARCHS = (
					ppc,
					i386,
				);
				FRAMEWORK_SEARCH_PATHS = (
					"$(inherited)",
					"$(FRAMEWORK_SEARCH_PATHS_QUOTED_FOR_TARGET_1)",
				);
				FRAMEWORK_SEARCH_PATHS_QUOTED_FOR_TARGET_1 = "\"$(SRCROOT)/lib\"";
				GCC_GENERATE_DEBUGGING_SYMBOLS = NO;
				GCC_MODEL_TUNING = G5;
				INFOPLIST_FILE = Info.plist;
				INSTALL_PATH = "$(HOME)/Applications";
				LIBRARY_SEARCH_PATHS = (
					"$(inherited)",
					/opt/local/lib,
					"$(LIBRARY_SEARCH_PATHS_QUOTED_FOR_TARGET_1)",
					/forge/externalSources/libio,
					"$(LIBRARY_SEARCH_PATHS_QUOTED_FOR_TARGET_2)",
				);
				LIBRARY_SEARCH_PATHS_QUOTED_FOR_TARGET_1 = "\"$(SRCROOT)/../Downloads/stevedekorte-io-4a815af/_build/lib\"";
				LIBRARY_SEARCH_PATHS_QUOTED_FOR_TARGET_2 = "\"$(SRCROOT)/lib/libiovmall/osx\"";
				PRODUCT_NAME = "sank-into";
				WRAPPER_EXTENSION = app;
			};
			name = Release;
		};
		C01FCF4F08A954540054247B /* Debug */ = {
			isa = XCBuildConfiguration;
			buildSettings = {
				FRAMEWORK_SEARCH_PATHS = (
					"$(HOME)/Library/Frameworks",
					/Library/Frameworks,
					"$(FRAMEWORK_SEARCH_PATHS)",
				);
				GCC_WARN_ABOUT_RETURN_TYPE = YES;
				GCC_WARN_UNUSED_VARIABLE = YES;
				HEADER_SEARCH_PATHS = (
					/opt/local/include,
					"$(HOME)/Library/Frameworks/SDL.framework/Headers",
					/Library/Frameworks/SDL.framework/Headers,
					"$(HEADER_SEARCH_PATHS)",
				);
				OTHER_CFLAGS = (
					"-mmacosx-version-min=10.4",
					"-isysroot",
					/Developer/SDKs/MacOSX10.4u.sdk,
					"-arch",
					ppc,
					"-arch",
					i386,
				);
				OTHER_LDFLAGS = "";
				PREBINDING = NO;
				SDKROOT = /Developer/SDKs/MacOSX10.4u.sdk;
				WARNING_CFLAGS = (
					"-Wall",
					"-Werror",
				);
			};
			name = Debug;
		};
		C01FCF5008A954540054247B /* Release */ = {
			isa = XCBuildConfiguration;
			buildSettings = {
				FRAMEWORK_SEARCH_PATHS = (
					"$(HOME)/Library/Frameworks",
					/Library/Frameworks,
					"$(FRAMEWORK_SEARCH_PATHS)",
				);
				GCC_WARN_ABOUT_RETURN_TYPE = YES;
				GCC_WARN_UNUSED_VARIABLE = YES;
				HEADER_SEARCH_PATHS = (
					"$(HOME)/Library/Frameworks/SDL.framework/Headers",
					/Library/Frameworks/SDL.framework/Headers,
					"$(HEADER_SEARCH_PATHS)",
				);
				OTHER_CFLAGS = (
					"-mmacosx-version-min=10.4",
					"-isysroot",
					/Developer/SDKs/MacOSX10.4u.sdk,
					"-arch",
					ppc,
					"-arch",
					i386,
				);
				OTHER_LDFLAGS = "";
				PREBINDING = NO;
				SDKROOT = /Developer/SDKs/MacOSX10.3.9.sdk;
				WARNING_CFLAGS = (
					"-Wall",
					"-Werror",
				);
			};
			name = Release;
		};
/* End XCBuildConfiguration section */

/* Begin XCConfigurationList section */
		C01FCF4A08A954540054247B /* Build configuration list for PBXNativeTarget "sank-into" */ = {
			isa = XCConfigurationList;
			buildConfigurations = (
				C01FCF4B08A954540054247B /* Debug */,
				C01FCF4C08A954540054247B /* Release */,
			);
			defaultConfigurationIsVisible = 0;
			defaultConfigurationName = Release;
		};
		C01FCF4E08A954540054247B /* Build configuration list for PBXProject "sank-into" */ = {
			isa = XCConfigurationList;
			buildConfigurations = (
				C01FCF4F08A954540054247B /* Debug */,
				C01FCF5008A954540054247B /* Release */,
			);
			defaultConfigurationIsVisible = 0;
			defaultConfigurationName = Release;
		};
/* End XCConfigurationList section */
	};
	rootObject = 29B97313FDCFA39411CA2CEA /* Project object */;
}
