// !$*UTF8*$!
{
	archiveVersion = 1;
	classes = {
	};
	objectVersion = 42;
	objects = {

/* Begin PBXBuildFile section */
		002F39FA09D0881F00EBEB88 /* SDL.framework in Frameworks */ = {isa = PBXBuildFile; fileRef = 002F39F909D0881F00EBEB88 /* SDL.framework */; };
		002F3A0009D0884600EBEB88 /* SDL.framework in Copy Frameworks into .app bundle */ = {isa = PBXBuildFile; fileRef = 002F39F909D0881F00EBEB88 /* SDL.framework */; };
		002F3C0109D093BD00EBEB88 /* OpenGL.framework in Frameworks */ = {isa = PBXBuildFile; fileRef = 002F3C0009D093BD00EBEB88 /* OpenGL.framework */; };
		002F3C6109D0951E00EBEB88 /* GLUT.framework in Frameworks */ = {isa = PBXBuildFile; fileRef = 002F3C6009D0951E00EBEB88 /* GLUT.framework */; };
		221D48CC120FA87D002DDB9E /* fsColor.cpp in Sources */ = {isa = PBXBuildFile; fileRef = 221D48A9120FA87D002DDB9E /* fsColor.cpp */; };
		221D48CD120FA87D002DDB9E /* fsPoint2f.cpp in Sources */ = {isa = PBXBuildFile; fileRef = 221D48AB120FA87D002DDB9E /* fsPoint2f.cpp */; };
		221D48CE120FA87D002DDB9E /* fsPoint2i.cpp in Sources */ = {isa = PBXBuildFile; fileRef = 221D48AD120FA87D002DDB9E /* fsPoint2i.cpp */; };
		221D48CF120FA87D002DDB9E /* fsRendererGL.cpp in Sources */ = {isa = PBXBuildFile; fileRef = 221D48AF120FA87D002DDB9E /* fsRendererGL.cpp */; };
		221D48D0120FA87D002DDB9E /* fsScript.cpp in Sources */ = {isa = PBXBuildFile; fileRef = 221D48B1120FA87D002DDB9E /* fsScript.cpp */; };
		221D48D1120FA87D002DDB9E /* fsScriptLua.cpp in Sources */ = {isa = PBXBuildFile; fileRef = 221D48B3120FA87D002DDB9E /* fsScriptLua.cpp */; };
		221D48D2120FA87D002DDB9E /* fsScriptPy.cpp in Sources */ = {isa = PBXBuildFile; fileRef = 221D48B5120FA87D002DDB9E /* fsScriptPy.cpp */; };
		221D48D3120FA87D002DDB9E /* gameController.cpp in Sources */ = {isa = PBXBuildFile; fileRef = 221D48B7120FA87D002DDB9E /* gameController.cpp */; };
		221D48D4120FA87D002DDB9E /* gameEntity.cpp in Sources */ = {isa = PBXBuildFile; fileRef = 221D48B9120FA87D002DDB9E /* gameEntity.cpp */; };
		221D48D5120FA87D002DDB9E /* gameLevel.cpp in Sources */ = {isa = PBXBuildFile; fileRef = 221D48BB120FA87D002DDB9E /* gameLevel.cpp */; };
		221D48D6120FA87D002DDB9E /* gameObject.cpp in Sources */ = {isa = PBXBuildFile; fileRef = 221D48BD120FA87D002DDB9E /* gameObject.cpp */; };
		221D48D7120FA87D002DDB9E /* glContext.cpp in Sources */ = {isa = PBXBuildFile; fileRef = 221D48C0120FA87D002DDB9E /* glContext.cpp */; };
		221D48D8120FA87D002DDB9E /* handleEvents.cpp in Sources */ = {isa = PBXBuildFile; fileRef = 221D48C2120FA87D002DDB9E /* handleEvents.cpp */; };
		221D48D9120FA87D002DDB9E /* handleScreen.cpp in Sources */ = {isa = PBXBuildFile; fileRef = 221D48C4120FA87D002DDB9E /* handleScreen.cpp */; };
		221D48DA120FA87D002DDB9E /* main.cpp in Sources */ = {isa = PBXBuildFile; fileRef = 221D48C6120FA87D002DDB9E /* main.cpp */; };
		221D48DB120FA87D002DDB9E /* scriptInterpreter.cpp in Sources */ = {isa = PBXBuildFile; fileRef = 221D48C8120FA87D002DDB9E /* scriptInterpreter.cpp */; };
		221D48DC120FA87D002DDB9E /* SDLMain.m in Sources */ = {isa = PBXBuildFile; fileRef = 221D48CB120FA87D002DDB9E /* SDLMain.m */; };
		221D48F3120FAA28002DDB9E /* fsScriptIO.cpp in Sources */ = {isa = PBXBuildFile; fileRef = 221D48F2120FAA28002DDB9E /* fsScriptIO.cpp */; };
		22E0468B120CA42D00C18C23 /* scripts in CopyFiles */ = {isa = PBXBuildFile; fileRef = 62D79674120A202400DED8D3 /* scripts */; };
		22E046CE120CA89400C18C23 /* Lua.framework in Frameworks */ = {isa = PBXBuildFile; fileRef = 22E046CD120CA89400C18C23 /* Lua.framework */; };
		6246C80C1210ADC4002FEF43 /* Python.framework in Frameworks */ = {isa = PBXBuildFile; fileRef = 6246C80B1210ADC4002FEF43 /* Python.framework */; };
		62BE5ECB1211D2ED0007C25C /* libiovmall.a in Frameworks */ = {isa = PBXBuildFile; fileRef = 62BE5ECA1211D2EC0007C25C /* libiovmall.a */; };
		62D791C212077BC800DED8D3 /* InfoPlist.strings in Resources */ = {isa = PBXBuildFile; fileRef = 62D791C012077BC800DED8D3 /* InfoPlist.strings */; };
		62D79637120A164200DED8D3 /* SConstruct in Resources */ = {isa = PBXBuildFile; fileRef = 62D79636120A164200DED8D3 /* SConstruct */; };
		62D79676120A202400DED8D3 /* scripts in Resources */ = {isa = PBXBuildFile; fileRef = 62D79674120A202400DED8D3 /* scripts */; };
		8D11072F0486CEB800E47090 /* Cocoa.framework in Frameworks */ = {isa = PBXBuildFile; fileRef = 1058C7A1FEA54F0111CA2CBB /* Cocoa.framework */; };
/* End PBXBuildFile section */

/* Begin PBXCopyFilesBuildPhase section */
		002F39FD09D0883400EBEB88 /* Copy Frameworks into .app bundle */ = {
			isa = PBXCopyFilesBuildPhase;
			buildActionMask = 2147483647;
			dstPath = "";
			dstSubfolderSpec = 10;
			files = (
				002F3A0009D0884600EBEB88 /* SDL.framework in Copy Frameworks into .app bundle */,
			);
			name = "Copy Frameworks into .app bundle";
			runOnlyForDeploymentPostprocessing = 0;
		};
		22E04692120CA43100C18C23 /* CopyFiles */ = {
			isa = PBXCopyFilesBuildPhase;
			buildActionMask = 2147483647;
			dstPath = "";
			dstSubfolderSpec = 16;
			files = (
				22E0468B120CA42D00C18C23 /* scripts in CopyFiles */,
			);
			runOnlyForDeploymentPostprocessing = 0;
		};
		6246C53A12109B6F002FEF43 /* CopyFiles */ = {
			isa = PBXCopyFilesBuildPhase;
			buildActionMask = 2147483647;
			dstPath = "";
			dstSubfolderSpec = 7;
			files = (
			);
			runOnlyForDeploymentPostprocessing = 0;
		};
/* End PBXCopyFilesBuildPhase section */

/* Begin PBXFileReference section */
		002F39F909D0881F00EBEB88 /* SDL.framework */ = {isa = PBXFileReference; lastKnownFileType = wrapper.framework; name = SDL.framework; path = /Library/Frameworks/SDL.framework; sourceTree = "<absolute>"; };
		002F3C0009D093BD00EBEB88 /* OpenGL.framework */ = {isa = PBXFileReference; lastKnownFileType = wrapper.framework; name = OpenGL.framework; path = /System/Library/Frameworks/OpenGL.framework; sourceTree = "<absolute>"; };
		002F3C6009D0951E00EBEB88 /* GLUT.framework */ = {isa = PBXFileReference; lastKnownFileType = wrapper.framework; name = GLUT.framework; path = ../../../../../../../../../../System/Library/Frameworks/GLUT.framework; sourceTree = SOURCE_ROOT; };
		1058C7A1FEA54F0111CA2CBB /* Cocoa.framework */ = {isa = PBXFileReference; lastKnownFileType = wrapper.framework; name = Cocoa.framework; path = /System/Library/Frameworks/Cocoa.framework; sourceTree = "<absolute>"; };
		221D48A9120FA87D002DDB9E /* fsColor.cpp */ = {isa = PBXFileReference; fileEncoding = 4; lastKnownFileType = sourcecode.cpp.cpp; path = fsColor.cpp; sourceTree = "<group>"; };
		221D48AA120FA87D002DDB9E /* fsColor.h */ = {isa = PBXFileReference; fileEncoding = 4; lastKnownFileType = sourcecode.c.h; path = fsColor.h; sourceTree = "<group>"; };
		221D48AB120FA87D002DDB9E /* fsPoint2f.cpp */ = {isa = PBXFileReference; fileEncoding = 4; lastKnownFileType = sourcecode.cpp.cpp; path = fsPoint2f.cpp; sourceTree = "<group>"; };
		221D48AC120FA87D002DDB9E /* fsPoint2f.h */ = {isa = PBXFileReference; fileEncoding = 4; lastKnownFileType = sourcecode.c.h; path = fsPoint2f.h; sourceTree = "<group>"; };
		221D48AD120FA87D002DDB9E /* fsPoint2i.cpp */ = {isa = PBXFileReference; fileEncoding = 4; lastKnownFileType = sourcecode.cpp.cpp; path = fsPoint2i.cpp; sourceTree = "<group>"; };
		221D48AE120FA87D002DDB9E /* fsPoint2i.h */ = {isa = PBXFileReference; fileEncoding = 4; lastKnownFileType = sourcecode.c.h; path = fsPoint2i.h; sourceTree = "<group>"; };
		221D48AF120FA87D002DDB9E /* fsRendererGL.cpp */ = {isa = PBXFileReference; fileEncoding = 4; lastKnownFileType = sourcecode.cpp.cpp; path = fsRendererGL.cpp; sourceTree = "<group>"; };
		221D48B0120FA87D002DDB9E /* fsRendererGL.h */ = {isa = PBXFileReference; fileEncoding = 4; lastKnownFileType = sourcecode.c.h; path = fsRendererGL.h; sourceTree = "<group>"; };
		221D48B1120FA87D002DDB9E /* fsScript.cpp */ = {isa = PBXFileReference; fileEncoding = 4; lastKnownFileType = sourcecode.cpp.cpp; path = fsScript.cpp; sourceTree = "<group>"; };
		221D48B2120FA87D002DDB9E /* fsScript.h */ = {isa = PBXFileReference; fileEncoding = 4; lastKnownFileType = sourcecode.c.h; path = fsScript.h; sourceTree = "<group>"; };
		221D48B3120FA87D002DDB9E /* fsScriptLua.cpp */ = {isa = PBXFileReference; fileEncoding = 4; lastKnownFileType = sourcecode.cpp.cpp; path = fsScriptLua.cpp; sourceTree = "<group>"; };
		221D48B4120FA87D002DDB9E /* fsScriptLua.h */ = {isa = PBXFileReference; fileEncoding = 4; lastKnownFileType = sourcecode.c.h; path = fsScriptLua.h; sourceTree = "<group>"; };
		221D48B5120FA87D002DDB9E /* fsScriptPy.cpp */ = {isa = PBXFileReference; fileEncoding = 4; lastKnownFileType = sourcecode.cpp.cpp; path = fsScriptPy.cpp; sourceTree = "<group>"; };
		221D48B6120FA87D002DDB9E /* fsScriptPy.h */ = {isa = PBXFileReference; fileEncoding = 4; lastKnownFileType = sourcecode.c.h; path = fsScriptPy.h; sourceTree = "<group>"; };
		221D48B7120FA87D002DDB9E /* gameController.cpp */ = {isa = PBXFileReference; fileEncoding = 4; lastKnownFileType = sourcecode.cpp.cpp; path = gameController.cpp; sourceTree = "<group>"; };
		221D48B8120FA87D002DDB9E /* gameController.h */ = {isa = PBXFileReference; fileEncoding = 4; lastKnownFileType = sourcecode.c.h; path = gameController.h; sourceTree = "<group>"; };
		221D48B9120FA87D002DDB9E /* gameEntity.cpp */ = {isa = PBXFileReference; fileEncoding = 4; lastKnownFileType = sourcecode.cpp.cpp; path = gameEntity.cpp; sourceTree = "<group>"; };
		221D48BA120FA87D002DDB9E /* gameEntity.h */ = {isa = PBXFileReference; fileEncoding = 4; lastKnownFileType = sourcecode.c.h; path = gameEntity.h; sourceTree = "<group>"; };
		221D48BB120FA87D002DDB9E /* gameLevel.cpp */ = {isa = PBXFileReference; fileEncoding = 4; lastKnownFileType = sourcecode.cpp.cpp; path = gameLevel.cpp; sourceTree = "<group>"; };
		221D48BC120FA87D002DDB9E /* gameLevel.h */ = {isa = PBXFileReference; fileEncoding = 4; lastKnownFileType = sourcecode.c.h; path = gameLevel.h; sourceTree = "<group>"; };
		221D48BD120FA87D002DDB9E /* gameObject.cpp */ = {isa = PBXFileReference; fileEncoding = 4; lastKnownFileType = sourcecode.cpp.cpp; path = gameObject.cpp; sourceTree = "<group>"; };
		221D48BE120FA87D002DDB9E /* gameObject.h */ = {isa = PBXFileReference; fileEncoding = 4; lastKnownFileType = sourcecode.c.h; path = gameObject.h; sourceTree = "<group>"; };
		221D48BF120FA87D002DDB9E /* general.h */ = {isa = PBXFileReference; fileEncoding = 4; lastKnownFileType = sourcecode.c.h; path = general.h; sourceTree = "<group>"; };
		221D48C0120FA87D002DDB9E /* glContext.cpp */ = {isa = PBXFileReference; fileEncoding = 4; lastKnownFileType = sourcecode.cpp.cpp; path = glContext.cpp; sourceTree = "<group>"; };
		221D48C1120FA87D002DDB9E /* glContext.h */ = {isa = PBXFileReference; fileEncoding = 4; lastKnownFileType = sourcecode.c.h; path = glContext.h; sourceTree = "<group>"; };
		221D48C2120FA87D002DDB9E /* handleEvents.cpp */ = {isa = PBXFileReference; fileEncoding = 4; lastKnownFileType = sourcecode.cpp.cpp; path = handleEvents.cpp; sourceTree = "<group>"; };
		221D48C3120FA87D002DDB9E /* handleEvents.h */ = {isa = PBXFileReference; fileEncoding = 4; lastKnownFileType = sourcecode.c.h; path = handleEvents.h; sourceTree = "<group>"; };
		221D48C4120FA87D002DDB9E /* handleScreen.cpp */ = {isa = PBXFileReference; fileEncoding = 4; lastKnownFileType = sourcecode.cpp.cpp; path = handleScreen.cpp; sourceTree = "<group>"; };
		221D48C5120FA87D002DDB9E /* handleScreen.h */ = {isa = PBXFileReference; fileEncoding = 4; lastKnownFileType = sourcecode.c.h; path = handleScreen.h; sourceTree = "<group>"; };
		221D48C6120FA87D002DDB9E /* main.cpp */ = {isa = PBXFileReference; fileEncoding = 4; lastKnownFileType = sourcecode.cpp.cpp; path = main.cpp; sourceTree = "<group>"; };
		221D48C7120FA87D002DDB9E /* quadtree.h */ = {isa = PBXFileReference; fileEncoding = 4; lastKnownFileType = sourcecode.c.h; path = quadtree.h; sourceTree = "<group>"; };
		221D48C8120FA87D002DDB9E /* scriptInterpreter.cpp */ = {isa = PBXFileReference; fileEncoding = 4; lastKnownFileType = sourcecode.cpp.cpp; path = scriptInterpreter.cpp; sourceTree = "<group>"; };
		221D48C9120FA87D002DDB9E /* scriptInterpreter.h */ = {isa = PBXFileReference; fileEncoding = 4; lastKnownFileType = sourcecode.c.h; path = scriptInterpreter.h; sourceTree = "<group>"; };
		221D48CA120FA87D002DDB9E /* SDLMain.h */ = {isa = PBXFileReference; fileEncoding = 4; lastKnownFileType = sourcecode.c.h; path = SDLMain.h; sourceTree = "<group>"; };
		221D48CB120FA87D002DDB9E /* SDLMain.m */ = {isa = PBXFileReference; fileEncoding = 4; lastKnownFileType = sourcecode.c.objc; path = SDLMain.m; sourceTree = "<group>"; };
		221D48F1120FAA28002DDB9E /* fsScriptIO.h */ = {isa = PBXFileReference; fileEncoding = 4; lastKnownFileType = sourcecode.c.h; path = fsScriptIO.h; sourceTree = "<group>"; };
		221D48F2120FAA28002DDB9E /* fsScriptIO.cpp */ = {isa = PBXFileReference; fileEncoding = 4; lastKnownFileType = sourcecode.cpp.cpp; path = fsScriptIO.cpp; sourceTree = "<group>"; };
		22E046CD120CA89400C18C23 /* Lua.framework */ = {isa = PBXFileReference; lastKnownFileType = wrapper.framework; name = Lua.framework; path = /Library/Frameworks/Lua.framework; sourceTree = "<absolute>"; };
		29B97324FDCFA39411CA2CEA /* AppKit.framework */ = {isa = PBXFileReference; lastKnownFileType = wrapper.framework; name = AppKit.framework; path = /System/Library/Frameworks/AppKit.framework; sourceTree = "<absolute>"; };
		29B97325FDCFA39411CA2CEA /* Foundation.framework */ = {isa = PBXFileReference; lastKnownFileType = wrapper.framework; name = Foundation.framework; path = /System/Library/Frameworks/Foundation.framework; sourceTree = "<absolute>"; };
		6246C80B1210ADC4002FEF43 /* Python.framework */ = {isa = PBXFileReference; lastKnownFileType = wrapper.framework; name = Python.framework; path = /System/Library/Frameworks/Python.framework; sourceTree = "<absolute>"; };
		6246C8C41210B32C002FEF43 /* config.h */ = {isa = PBXFileReference; fileEncoding = 4; lastKnownFileType = sourcecode.c.h; path = config.h; sourceTree = "<group>"; };
		62AABACC12136B41000FA60E /* quadtree2.h */ = {isa = PBXFileReference; fileEncoding = 4; lastKnownFileType = sourcecode.c.h; path = quadtree2.h; sourceTree = "<group>"; };
		62BE5ECA1211D2EC0007C25C /* libiovmall.a */ = {isa = PBXFileReference; lastKnownFileType = archive.ar; name = libiovmall.a; path = /opt/local/lib/libiovmall.a; sourceTree = "<absolute>"; };
		62D791C112077BC800DED8D3 /* English */ = {isa = PBXFileReference; fileEncoding = 4; lastKnownFileType = text.plist.strings; name = English; path = InfoPlist.strings; sourceTree = "<group>"; };
		62D791D412077C0C00DED8D3 /* Info.plist */ = {isa = PBXFileReference; fileEncoding = 4; lastKnownFileType = text.plist.xml; path = Info.plist; sourceTree = "<group>"; };
		62D79636120A164200DED8D3 /* SConstruct */ = {isa = PBXFileReference; fileEncoding = 4; lastKnownFileType = text; path = SConstruct; sourceTree = "<group>"; };
		62D79674120A202400DED8D3 /* scripts */ = {isa = PBXFileReference; lastKnownFileType = folder; path = scripts; sourceTree = "<group>"; };
		8D1107320486CEB800E47090 /* sank-into.app */ = {isa = PBXFileReference; explicitFileType = wrapper.application; includeInIndex = 0; path = "sank-into.app"; sourceTree = BUILT_PRODUCTS_DIR; };
/* End PBXFileReference section */

/* Begin PBXFrameworksBuildPhase section */
		8D11072E0486CEB800E47090 /* Frameworks */ = {
			isa = PBXFrameworksBuildPhase;
			buildActionMask = 2147483647;
			files = (
				002F39FA09D0881F00EBEB88 /* SDL.framework in Frameworks */,
				002F3C6109D0951E00EBEB88 /* GLUT.framework in Frameworks */,
				8D11072F0486CEB800E47090 /* Cocoa.framework in Frameworks */,
				002F3C0109D093BD00EBEB88 /* OpenGL.framework in Frameworks */,
				22E046CE120CA89400C18C23 /* Lua.framework in Frameworks */,
				6246C80C1210ADC4002FEF43 /* Python.framework in Frameworks */,
				62BE5ECB1211D2ED0007C25C /* libiovmall.a in Frameworks */,
			);
			runOnlyForDeploymentPostprocessing = 0;
		};
/* End PBXFrameworksBuildPhase section */

/* Begin PBXGroup section */
		1058C7A0FEA54F0111CA2CBB /* Linked Frameworks */ = {
			isa = PBXGroup;
			children = (
				6246C80B1210ADC4002FEF43 /* Python.framework */,
				22E046CD120CA89400C18C23 /* Lua.framework */,
				002F39F909D0881F00EBEB88 /* SDL.framework */,
				002F3C6009D0951E00EBEB88 /* GLUT.framework */,
				1058C7A1FEA54F0111CA2CBB /* Cocoa.framework */,
				002F3C0009D093BD00EBEB88 /* OpenGL.framework */,
			);
			name = "Linked Frameworks";
			sourceTree = "<group>";
		};
		1058C7A2FEA54F0111CA2CBB /* Other Frameworks */ = {
			isa = PBXGroup;
			children = (
				29B97324FDCFA39411CA2CEA /* AppKit.framework */,
				29B97325FDCFA39411CA2CEA /* Foundation.framework */,
			);
			name = "Other Frameworks";
			sourceTree = "<group>";
		};
		19C28FACFE9D520D11CA2CBB /* Products */ = {
			isa = PBXGroup;
			children = (
				8D1107320486CEB800E47090 /* sank-into.app */,
			);
			name = Products;
			sourceTree = "<group>";
		};
		221D48A8120FA87D002DDB9E /* src */ = {
			isa = PBXGroup;
			children = (
				62AABACC12136B41000FA60E /* quadtree2.h */,
				6246C8C41210B32C002FEF43 /* config.h */,
				221D48A9120FA87D002DDB9E /* fsColor.cpp */,
				221D48AA120FA87D002DDB9E /* fsColor.h */,
				221D48AB120FA87D002DDB9E /* fsPoint2f.cpp */,
				221D48AC120FA87D002DDB9E /* fsPoint2f.h */,
				221D48AD120FA87D002DDB9E /* fsPoint2i.cpp */,
				221D48AE120FA87D002DDB9E /* fsPoint2i.h */,
				221D48AF120FA87D002DDB9E /* fsRendererGL.cpp */,
				221D48B0120FA87D002DDB9E /* fsRendererGL.h */,
				221D48B1120FA87D002DDB9E /* fsScript.cpp */,
				221D48B2120FA87D002DDB9E /* fsScript.h */,
				221D48B3120FA87D002DDB9E /* fsScriptLua.cpp */,
				221D48B4120FA87D002DDB9E /* fsScriptLua.h */,
				221D48B5120FA87D002DDB9E /* fsScriptPy.cpp */,
				221D48B6120FA87D002DDB9E /* fsScriptPy.h */,
				221D48F1120FAA28002DDB9E /* fsScriptIO.h */,
				221D48F2120FAA28002DDB9E /* fsScriptIO.cpp */,
				221D48B7120FA87D002DDB9E /* gameController.cpp */,
				221D48B8120FA87D002DDB9E /* gameController.h */,
				221D48B9120FA87D002DDB9E /* gameEntity.cpp */,
				221D48BA120FA87D002DDB9E /* gameEntity.h */,
				221D48BB120FA87D002DDB9E /* gameLevel.cpp */,
				221D48BC120FA87D002DDB9E /* gameLevel.h */,
				221D48BD120FA87D002DDB9E /* gameObject.cpp */,
				221D48BE120FA87D002DDB9E /* gameObject.h */,
				221D48BF120FA87D002DDB9E /* general.h */,
				221D48C0120FA87D002DDB9E /* glContext.cpp */,
				221D48C1120FA87D002DDB9E /* glContext.h */,
				221D48C2120FA87D002DDB9E /* handleEvents.cpp */,
				221D48C3120FA87D002DDB9E /* handleEvents.h */,
				221D48C4120FA87D002DDB9E /* handleScreen.cpp */,
				221D48C5120FA87D002DDB9E /* handleScreen.h */,
				221D48C6120FA87D002DDB9E /* main.cpp */,
				221D48C7120FA87D002DDB9E /* quadtree.h */,
				221D48C8120FA87D002DDB9E /* scriptInterpreter.cpp */,
				221D48C9120FA87D002DDB9E /* scriptInterpreter.h */,
				221D48CA120FA87D002DDB9E /* SDLMain.h */,
				221D48CB120FA87D002DDB9E /* SDLMain.m */,
			);
			path = src;
			sourceTree = "<group>";
		};
		29B97314FDCFA39411CA2CEA /* sank-into */ = {
			isa = PBXGroup;
			children = (
				62BE5ECA1211D2EC0007C25C /* libiovmall.a */,
				221D48A8120FA87D002DDB9E /* src */,
				62D79674120A202400DED8D3 /* scripts */,
				62D79636120A164200DED8D3 /* SConstruct */,
				29B97317FDCFA39411CA2CEA /* Resources */,
				29B97323FDCFA39411CA2CEA /* Frameworks */,
				19C28FACFE9D520D11CA2CBB /* Products */,
			);
			name = "sank-into";
			sourceTree = "<group>";
		};
		29B97317FDCFA39411CA2CEA /* Resources */ = {
			isa = PBXGroup;
			children = (
				62D791D412077C0C00DED8D3 /* Info.plist */,
				62D791BF12077BC800DED8D3 /* English.lproj */,
			);
			name = Resources;
			sourceTree = "<group>";
		};
		29B97323FDCFA39411CA2CEA /* Frameworks */ = {
			isa = PBXGroup;
			children = (
				1058C7A0FEA54F0111CA2CBB /* Linked Frameworks */,
				1058C7A2FEA54F0111CA2CBB /* Other Frameworks */,
			);
			name = Frameworks;
			sourceTree = "<group>";
		};
		62D791BF12077BC800DED8D3 /* English.lproj */ = {
			isa = PBXGroup;
			children = (
				62D791C012077BC800DED8D3 /* InfoPlist.strings */,
			);
			name = English.lproj;
			path = resource/English.lproj;
			sourceTree = "<group>";
		};
/* End PBXGroup section */

/* Begin PBXNativeTarget section */
		8D1107260486CEB800E47090 /* sank-into */ = {
			isa = PBXNativeTarget;
			buildConfigurationList = C01FCF4A08A954540054247B /* Build configuration list for PBXNativeTarget "sank-into" */;
			buildPhases = (
				8D1107290486CEB800E47090 /* Resources */,
				8D11072C0486CEB800E47090 /* Sources */,
				8D11072E0486CEB800E47090 /* Frameworks */,
				002F39FD09D0883400EBEB88 /* Copy Frameworks into .app bundle */,
				22E04692120CA43100C18C23 /* CopyFiles */,
				6246C53A12109B6F002FEF43 /* CopyFiles */,
			);
			buildRules = (
			);
			dependencies = (
			);
			name = "sank-into";
			productInstallPath = "$(HOME)/Applications";
			productName = "sank-into";
			productReference = 8D1107320486CEB800E47090 /* sank-into.app */;
			productType = "com.apple.product-type.application";
		};
/* End PBXNativeTarget section */

/* Begin PBXProject section */
		29B97313FDCFA39411CA2CEA /* Project object */ = {
			isa = PBXProject;
			buildConfigurationList = C01FCF4E08A954540054247B /* Build configuration list for PBXProject "sank-into" */;
			compatibilityVersion = "Xcode 2.4";
			hasScannedForEncodings = 1;
			mainGroup = 29B97314FDCFA39411CA2CEA /* sank-into */;
			projectDirPath = "";
			projectRoot = "";
			targets = (
				8D1107260486CEB800E47090 /* sank-into */,
			);
		};
/* End PBXProject section */

/* Begin PBXResourcesBuildPhase section */
		8D1107290486CEB800E47090 /* Resources */ = {
			isa = PBXResourcesBuildPhase;
			buildActionMask = 2147483647;
			files = (
				62D791C212077BC800DED8D3 /* InfoPlist.strings in Resources */,
				62D79637120A164200DED8D3 /* SConstruct in Resources */,
				62D79676120A202400DED8D3 /* scripts in Resources */,
			);
			runOnlyForDeploymentPostprocessing = 0;
		};
/* End PBXResourcesBuildPhase section */

/* Begin PBXSourcesBuildPhase section */
		8D11072C0486CEB800E47090 /* Sources */ = {
			isa = PBXSourcesBuildPhase;
			buildActionMask = 2147483647;
			files = (
				221D48CC120FA87D002DDB9E /* fsColor.cpp in Sources */,
				221D48CD120FA87D002DDB9E /* fsPoint2f.cpp in Sources */,
				221D48CE120FA87D002DDB9E /* fsPoint2i.cpp in Sources */,
				221D48CF120FA87D002DDB9E /* fsRendererGL.cpp in Sources */,
				221D48D0120FA87D002DDB9E /* fsScript.cpp in Sources */,
				221D48D1120FA87D002DDB9E /* fsScriptLua.cpp in Sources */,
				221D48D2120FA87D002DDB9E /* fsScriptPy.cpp in Sources */,
				221D48D3120FA87D002DDB9E /* gameController.cpp in Sources */,
				221D48D4120FA87D002DDB9E /* gameEntity.cpp in Sources */,
				221D48D5120FA87D002DDB9E /* gameLevel.cpp in Sources */,
				221D48D6120FA87D002DDB9E /* gameObject.cpp in Sources */,
				221D48D7120FA87D002DDB9E /* glContext.cpp in Sources */,
				221D48D8120FA87D002DDB9E /* handleEvents.cpp in Sources */,
				221D48D9120FA87D002DDB9E /* handleScreen.cpp in Sources */,
				221D48DA120FA87D002DDB9E /* main.cpp in Sources */,
				221D48DB120FA87D002DDB9E /* scriptInterpreter.cpp in Sources */,
				221D48DC120FA87D002DDB9E /* SDLMain.m in Sources */,
				221D48F3120FAA28002DDB9E /* fsScriptIO.cpp in Sources */,
			);
			runOnlyForDeploymentPostprocessing = 0;
		};
/* End PBXSourcesBuildPhase section */

/* Begin PBXVariantGroup section */
		62D791C012077BC800DED8D3 /* InfoPlist.strings */ = {
			isa = PBXVariantGroup;
			children = (
				62D791C112077BC800DED8D3 /* English */,
			);
			name = InfoPlist.strings;
			sourceTree = "<group>";
		};
/* End PBXVariantGroup section */

/* Begin XCBuildConfiguration section */
		C01FCF4B08A954540054247B /* Debug */ = {
			isa = XCBuildConfiguration;
			buildSettings = {
				COPY_PHASE_STRIP = NO;
				FRAMEWORK_SEARCH_PATHS = (
					"$(inherited)",
					"$(FRAMEWORK_SEARCH_PATHS_QUOTED_FOR_TARGET_1)",
				);
				FRAMEWORK_SEARCH_PATHS_QUOTED_FOR_TARGET_1 = "\"$(SRCROOT)/lib\"";
				GCC_DYNAMIC_NO_PIC = NO;
				GCC_ENABLE_FIX_AND_CONTINUE = YES;
				GCC_MODEL_TUNING = G5;
				GCC_OPTIMIZATION_LEVEL = 0;
				INFOPLIST_FILE = Info.plist;
				INSTALL_PATH = "$(HOME)/Applications";
				LIBRARY_SEARCH_PATHS = (
					"$(inherited)",
					/opt/local/lib,
					"$(LIBRARY_SEARCH_PATHS_QUOTED_FOR_TARGET_1)",
					/forge/externalSources/libio,
					"$(LIBRARY_SEARCH_PATHS_QUOTED_FOR_TARGET_2)",
				);
				LIBRARY_SEARCH_PATHS_QUOTED_FOR_TARGET_1 = "\"$(SRCROOT)/../Downloads/stevedekorte-io-4a815af/_build/lib\"";
				LIBRARY_SEARCH_PATHS_QUOTED_FOR_TARGET_2 = "\"$(SRCROOT)/lib/libiovmall/osx\"";
				PRODUCT_NAME = "sank-into";
				WRAPPER_EXTENSION = app;
				ZERO_LINK = YES;
			};
			name = Debug;
		};
		C01FCF4C08A954540054247B /* Release */ = {
			isa = XCBuildConfiguration;
			buildSettings = {
				ARCHS = (
					ppc,
					i386,
				);
				FRAMEWORK_SEARCH_PATHS = (
					"$(inherited)",
					"$(FRAMEWORK_SEARCH_PATHS_QUOTED_FOR_TARGET_1)",
				);
				FRAMEWORK_SEARCH_PATHS_QUOTED_FOR_TARGET_1 = "\"$(SRCROOT)/lib\"";
				GCC_GENERATE_DEBUGGING_SYMBOLS = NO;
				GCC_MODEL_TUNING = G5;
				INFOPLIST_FILE = Info.plist;
				INSTALL_PATH = "$(HOME)/Applications";
				LIBRARY_SEARCH_PATHS = (
					"$(inherited)",
					/opt/local/lib,
					"$(LIBRARY_SEARCH_PATHS_QUOTED_FOR_TARGET_1)",
					/forge/externalSources/libio,
					"$(LIBRARY_SEARCH_PATHS_QUOTED_FOR_TARGET_2)",
				);
				LIBRARY_SEARCH_PATHS_QUOTED_FOR_TARGET_1 = "\"$(SRCROOT)/../Downloads/stevedekorte-io-4a815af/_build/lib\"";
				LIBRARY_SEARCH_PATHS_QUOTED_FOR_TARGET_2 = "\"$(SRCROOT)/lib/libiovmall/osx\"";
				PRODUCT_NAME = "sank-into";
				WRAPPER_EXTENSION = app;
			};
			name = Release;
		};
		C01FCF4F08A954540054247B /* Debug */ = {
			isa = XCBuildConfiguration;
			buildSettings = {
				FRAMEWORK_SEARCH_PATHS = (
					"$(HOME)/Library/Frameworks",
					/Library/Frameworks,
					"$(FRAMEWORK_SEARCH_PATHS)",
				);
				GCC_WARN_ABOUT_RETURN_TYPE = YES;
				GCC_WARN_UNUSED_VARIABLE = YES;
				HEADER_SEARCH_PATHS = (
					"/opt/local/include/**",
					"<Multiple",
					"values>",
				);
				OTHER_CFLAGS = (
					"-mmacosx-version-min=10.4",
					"-isysroot",
					/Developer/SDKs/MacOSX10.4u.sdk,
					"-arch",
					ppc,
					"-arch",
					i386,
				);
				OTHER_LDFLAGS = "";
				PREBINDING = NO;
				SDKROOT = /Developer/SDKs/MacOSX10.4u.sdk;
				WARNING_CFLAGS = (
					"-Wall",
					"-Werror",
				);
			};
			name = Debug;
		};
		C01FCF5008A954540054247B /* Release */ = {
			isa = XCBuildConfiguration;
			buildSettings = {
				FRAMEWORK_SEARCH_PATHS = (
					"$(HOME)/Library/Frameworks",
					/Library/Frameworks,
					"$(FRAMEWORK_SEARCH_PATHS)",
				);
				GCC_WARN_ABOUT_RETURN_TYPE = YES;
				GCC_WARN_UNUSED_VARIABLE = YES;
				HEADER_SEARCH_PATHS = (
					"/opt/local/include/**",
					"<Multiple",
					"values>",
				);
				OTHER_CFLAGS = (
					"-mmacosx-version-min=10.4",
					"-isysroot",
					/Developer/SDKs/MacOSX10.4u.sdk,
					"-arch",
					ppc,
					"-arch",
					i386,
				);
				OTHER_LDFLAGS = "";
				PREBINDING = NO;
				SDKROOT = /Developer/SDKs/MacOSX10.3.9.sdk;
				WARNING_CFLAGS = (
					"-Wall",
					"-Werror",
				);
			};
			name = Release;
		};
/* End XCBuildConfiguration section */

/* Begin XCConfigurationList section */
		C01FCF4A08A954540054247B /* Build configuration list for PBXNativeTarget "sank-into" */ = {
			isa = XCConfigurationList;
			buildConfigurations = (
				C01FCF4B08A954540054247B /* Debug */,
				C01FCF4C08A954540054247B /* Release */,
			);
			defaultConfigurationIsVisible = 0;
			defaultConfigurationName = Release;
		};
		C01FCF4E08A954540054247B /* Build configuration list for PBXProject "sank-into" */ = {
			isa = XCConfigurationList;
			buildConfigurations = (
				C01FCF4F08A954540054247B /* Debug */,
				C01FCF5008A954540054247B /* Release */,
			);
			defaultConfigurationIsVisible = 0;
			defaultConfigurationName = Release;
		};
/* End XCConfigurationList section */
	};
	rootObject = 29B97313FDCFA39411CA2CEA /* Project object */;
}
